// !$*UTF8*$!
{
	archiveVersion = 1;
	classes = {
	};
	objectVersion = 54;
	objects = {

/* Begin PBXBuildFile section */
		1C748C2D1C21952C0024EED2 /* Plugin.cpp in Sources */ = {isa = PBXBuildFile; fileRef = 1C748C2C1C21952C0024EED2 /* Plugin.cpp */; };
		401075932CDA8746002D1CD7 /* Model.cpp in Sources */ = {isa = PBXBuildFile; fileRef = 401075922CDA8742002D1CD7 /* Model.cpp */; };
		4012096C2CE2FD96006E2812 /* DPCD.hpp in Headers */ = {isa = PBXBuildFile; fileRef = 4012096B2CE2FD96006E2812 /* DPCD.hpp */; };
		4014D9722C74AA7000FDE986 /* ObjectField.hpp in Headers */ = {isa = PBXBuildFile; fileRef = 4014D9712C74AA5F00FDE986 /* ObjectField.hpp */; };
		40364DB629B79DFD0070A2B4 /* Model.hpp in Headers */ = {isa = PBXBuildFile; fileRef = 40364DB529B79DFD0070A2B4 /* Model.hpp */; };
		405460872CDBD5B5007865E5 /* Firmware.cpp in Sources */ = {isa = PBXBuildFile; fileRef = 405460862CDBD5B5007865E5 /* Firmware.cpp */; };
		405460892CDBDF6A007865E5 /* AGDP.hpp in Headers */ = {isa = PBXBuildFile; fileRef = 405460882CDBDF58007865E5 /* AGDP.hpp */; };
		4054608C2CDBDF8C007865E5 /* AGDP.cpp in Sources */ = {isa = PBXBuildFile; fileRef = 4054608B2CDBDF89007865E5 /* AGDP.cpp */; };
		405460912CDBF221007865E5 /* NRedAttributes.hpp in Headers */ = {isa = PBXBuildFile; fileRef = 405460902CDBF215007865E5 /* NRedAttributes.hpp */; };
		4068898B2A229BF600028D22 /* PatcherPlus.cpp in Sources */ = {isa = PBXBuildFile; fileRef = 406889892A229BF600028D22 /* PatcherPlus.cpp */; };
		4068898C2A229BF600028D22 /* PatcherPlus.hpp in Headers */ = {isa = PBXBuildFile; fileRef = 4068898A2A229BF600028D22 /* PatcherPlus.hpp */; };
		4069F00F29C3A241005293B4 /* ATOMBIOS.hpp in Headers */ = {isa = PBXBuildFile; fileRef = 40FC5FCE29BF942900367F9D /* ATOMBIOS.hpp */; };
		408B3DD42CDFA3D200CAE5D2 /* GoldenSettings.hpp in Headers */ = {isa = PBXBuildFile; fileRef = 408B3DD32CDFA3CC00CAE5D2 /* GoldenSettings.hpp */; };
		408B3DD82CDFA42700CAE5D2 /* GC.hpp in Headers */ = {isa = PBXBuildFile; fileRef = 408B3DD72CDFA42300CAE5D2 /* GC.hpp */; };
		408B3DDA2CDFA42E00CAE5D2 /* SDMA0.hpp in Headers */ = {isa = PBXBuildFile; fileRef = 408B3DD92CDFA42A00CAE5D2 /* SDMA0.hpp */; };
		408B3DDC2CDFA44100CAE5D2 /* IPOffset.hpp in Headers */ = {isa = PBXBuildFile; fileRef = 408B3DDB2CDFA43C00CAE5D2 /* IPOffset.hpp */; };
		408B3DDE2CDFA46B00CAE5D2 /* NBIO.hpp in Headers */ = {isa = PBXBuildFile; fileRef = 408B3DDD2CDFA46800CAE5D2 /* NBIO.hpp */; };
		408B3DE02CDFA60E00CAE5D2 /* SMU.hpp in Headers */ = {isa = PBXBuildFile; fileRef = 408B3DDF2CDFA60900CAE5D2 /* SMU.hpp */; };
		408B3DE22CDFA66F00CAE5D2 /* DCN1.hpp in Headers */ = {isa = PBXBuildFile; fileRef = 408B3DE12CDFA66C00CAE5D2 /* DCN1.hpp */; };
		408B3DE52CDFA77800CAE5D2 /* SMUIO.hpp in Headers */ = {isa = PBXBuildFile; fileRef = 408B3DE42CDFA77100CAE5D2 /* SMUIO.hpp */; };
		408B3DE72CDFA7AC00CAE5D2 /* RavenPPSMC.hpp in Headers */ = {isa = PBXBuildFile; fileRef = 408B3DE62CDFA7A200CAE5D2 /* RavenPPSMC.hpp */; };
		408B3DE92CDFA81200CAE5D2 /* RenoirPPSMC.hpp in Headers */ = {isa = PBXBuildFile; fileRef = 408B3DE82CDFA80B00CAE5D2 /* RenoirPPSMC.hpp */; };
		408B3DEC2CDFB7DE00CAE5D2 /* HWBlock.hpp in Headers */ = {isa = PBXBuildFile; fileRef = 408B3DEB2CDFB7DA00CAE5D2 /* HWBlock.hpp */; };
		408B3DEE2CDFB80700CAE5D2 /* GoldenSettings.hpp in Headers */ = {isa = PBXBuildFile; fileRef = 408B3DED2CDFB80000CAE5D2 /* GoldenSettings.hpp */; };
		408B3DF02CDFB91F00CAE5D2 /* DevCaps.hpp in Headers */ = {isa = PBXBuildFile; fileRef = 408B3DEF2CDFB91800CAE5D2 /* DevCaps.hpp */; };
		408B3DF22CDFB98800CAE5D2 /* Result.hpp in Headers */ = {isa = PBXBuildFile; fileRef = 408B3DF12CDFB98500CAE5D2 /* Result.hpp */; };
		409127542CE2CBC0004DBDB5 /* PSP.hpp in Headers */ = {isa = PBXBuildFile; fileRef = 409127532CE2CBB2004DBDB5 /* PSP.hpp */; };
		409127562CE2CC01004DBDB5 /* ASICCaps.hpp in Headers */ = {isa = PBXBuildFile; fileRef = 409127552CE2CC01004DBDB5 /* ASICCaps.hpp */; };
		409127592CE2EBCD004DBDB5 /* VidMemType.hpp in Headers */ = {isa = PBXBuildFile; fileRef = 409127582CE2EBCD004DBDB5 /* VidMemType.hpp */; };
		4091275E2CE2ED98004DBDB5 /* COS.hpp in Headers */ = {isa = PBXBuildFile; fileRef = 4091275D2CE2ED98004DBDB5 /* COS.hpp */; };
		409127612CE2EDC6004DBDB5 /* DeviceType.hpp in Headers */ = {isa = PBXBuildFile; fileRef = 409127602CE2EDC6004DBDB5 /* DeviceType.hpp */; };
		409127642CE2F2D2004DBDB5 /* ASICCaps.hpp in Headers */ = {isa = PBXBuildFile; fileRef = 409127632CE2F2D2004DBDB5 /* ASICCaps.hpp */; };
		409127662CE2F2F4004DBDB5 /* PowerPlay.hpp in Headers */ = {isa = PBXBuildFile; fileRef = 409127652CE2F2F4004DBDB5 /* PowerPlay.hpp */; };
		409127682CE2F360004DBDB5 /* DevCaps.hpp in Headers */ = {isa = PBXBuildFile; fileRef = 409127672CE2F360004DBDB5 /* DevCaps.hpp */; };
		4091276A2CE2F5EF004DBDB5 /* AddrLib.hpp in Headers */ = {isa = PBXBuildFile; fileRef = 409127692CE2F5EF004DBDB5 /* AddrLib.hpp */; };
		4091276D2CE2F681004DBDB5 /* SignalTypes.hpp in Headers */ = {isa = PBXBuildFile; fileRef = 4091276C2CE2F681004DBDB5 /* SignalTypes.hpp */; };
		409127702CE2F724004DBDB5 /* Family.hpp in Headers */ = {isa = PBXBuildFile; fileRef = 4091276F2CE2F724004DBDB5 /* Family.hpp */; };
		409127722CE2F76C004DBDB5 /* Driver.hpp in Headers */ = {isa = PBXBuildFile; fileRef = 409127712CE2F76C004DBDB5 /* Driver.hpp */; };
		409127742CE2F7B0004DBDB5 /* SMU.hpp in Headers */ = {isa = PBXBuildFile; fileRef = 409127732CE2F7B0004DBDB5 /* SMU.hpp */; };
		409127762CE2F7EA004DBDB5 /* Linux.hpp in Headers */ = {isa = PBXBuildFile; fileRef = 409127752CE2F7EA004DBDB5 /* Linux.hpp */; };
		409127792CE2F866004DBDB5 /* HWEngine.hpp in Headers */ = {isa = PBXBuildFile; fileRef = 409127782CE2F866004DBDB5 /* HWEngine.hpp */; };
		40F39FDC2CDD609E007AE975 /* Backlight.hpp in Headers */ = {isa = PBXBuildFile; fileRef = 40F39FDB2CDD6087007AE975 /* Backlight.hpp */; };
		40F39FDE2CDD60A4007AE975 /* Backlight.cpp in Sources */ = {isa = PBXBuildFile; fileRef = 40F39FDD2CDD60A3007AE975 /* Backlight.cpp */; };
		40F39FE02CDE842B007AE975 /* X6000FB.cpp in Sources */ = {isa = PBXBuildFile; fileRef = 40F39FDF2CDE8424007AE975 /* X6000FB.cpp */; };
		40F39FE22CDE864A007AE975 /* X6000FB.hpp in Headers */ = {isa = PBXBuildFile; fileRef = 40F39FE12CDE8643007AE975 /* X6000FB.hpp */; };
		40FC5FD529BF995000367F9D /* X6000FB.cpp in Sources */ = {isa = PBXBuildFile; fileRef = 40FC5FD329BF995000367F9D /* X6000FB.cpp */; };
		40FC5FD629BF995000367F9D /* X6000FB.hpp in Headers */ = {isa = PBXBuildFile; fileRef = 40FC5FD429BF995000367F9D /* X6000FB.hpp */; };
		40FC5FD929BF995E00367F9D /* X5000.cpp in Sources */ = {isa = PBXBuildFile; fileRef = 40FC5FD729BF995E00367F9D /* X5000.cpp */; };
		40FC5FDA29BF995E00367F9D /* X5000.hpp in Headers */ = {isa = PBXBuildFile; fileRef = 40FC5FD829BF995E00367F9D /* X5000.hpp */; };
		40FC5FDD29BF996900367F9D /* HWLibs.cpp in Sources */ = {isa = PBXBuildFile; fileRef = 40FC5FDB29BF996900367F9D /* HWLibs.cpp */; };
		40FC5FDE29BF996900367F9D /* HWLibs.hpp in Headers */ = {isa = PBXBuildFile; fileRef = 40FC5FDC29BF996900367F9D /* HWLibs.hpp */; };
		40FC5FE129BF9E2500367F9D /* X6000.cpp in Sources */ = {isa = PBXBuildFile; fileRef = 40FC5FDF29BF9E2500367F9D /* X6000.cpp */; };
		40FC5FE229BF9E2500367F9D /* X6000.hpp in Headers */ = {isa = PBXBuildFile; fileRef = 40FC5FE029BF9E2500367F9D /* X6000.hpp */; };
		6C1B36662A407C6100B184DD /* AppleGFXHDA.cpp in Sources */ = {isa = PBXBuildFile; fileRef = 6C1B36642A407C6100B184DD /* AppleGFXHDA.cpp */; };
		6C1B36672A407C6200B184DD /* AppleGFXHDA.hpp in Headers */ = {isa = PBXBuildFile; fileRef = 6C1B36652A407C6100B184DD /* AppleGFXHDA.hpp */; };
		CE405ED91E4A080700AA0B3D /* plugin_start.cpp in Sources */ = {isa = PBXBuildFile; fileRef = CE405ED81E4A080700AA0B3D /* plugin_start.cpp */; };
		CE8DA0832517C41A008C44E8 /* libkmod.a in Frameworks */ = {isa = PBXBuildFile; fileRef = CE8DA0822517C41A008C44E8 /* libkmod.a */; };
		CEA03B5E20EE825A00BA842F /* NRed.cpp in Sources */ = {isa = PBXBuildFile; fileRef = CEA03B5C20EE825A00BA842F /* NRed.cpp */; };
		CEA03B5F20EE825A00BA842F /* NRed.hpp in Headers */ = {isa = PBXBuildFile; fileRef = CEA03B5D20EE825A00BA842F /* NRed.hpp */; };
/* End PBXBuildFile section */

/* Begin PBXCopyFilesBuildPhase section */
		1C642F521C8F157A006B4C51 /* Copy Files */ = {
			isa = PBXCopyFilesBuildPhase;
			buildActionMask = 2147483647;
			dstPath = "";
			dstSubfolderSpec = 13;
			files = (
			);
			name = "Copy Files";
			runOnlyForDeploymentPostprocessing = 0;
		};
/* End PBXCopyFilesBuildPhase section */

/* Begin PBXFileReference section */
		1C748C271C21952C0024EED2 /* NootedRed.kext */ = {isa = PBXFileReference; explicitFileType = wrapper.cfbundle; includeInIndex = 0; path = NootedRed.kext; sourceTree = BUILT_PRODUCTS_DIR; };
		1C748C2C1C21952C0024EED2 /* Plugin.cpp */ = {isa = PBXFileReference; lastKnownFileType = sourcecode.cpp.cpp; path = Plugin.cpp; sourceTree = "<group>"; };
		1C748C2E1C21952C0024EED2 /* Info.plist */ = {isa = PBXFileReference; lastKnownFileType = text.plist.xml; path = Info.plist; sourceTree = "<group>"; };
		401075922CDA8742002D1CD7 /* Model.cpp */ = {isa = PBXFileReference; lastKnownFileType = sourcecode.cpp.cpp; path = Model.cpp; sourceTree = "<group>"; };
		4012096B2CE2FD96006E2812 /* DPCD.hpp */ = {isa = PBXFileReference; lastKnownFileType = sourcecode.cpp.h; path = DPCD.hpp; sourceTree = "<group>"; };
		4014D9712C74AA5F00FDE986 /* ObjectField.hpp */ = {isa = PBXFileReference; lastKnownFileType = sourcecode.cpp.h; path = ObjectField.hpp; sourceTree = "<group>"; };
		40364DB529B79DFD0070A2B4 /* Model.hpp */ = {isa = PBXFileReference; lastKnownFileType = sourcecode.cpp.h; path = Model.hpp; sourceTree = "<group>"; };
		405460812CDBBE12007865E5 /* FwGen.sh */ = {isa = PBXFileReference; lastKnownFileType = text.script.sh; path = FwGen.sh; sourceTree = "<group>"; };
		405460822CDBBE12007865E5 /* GenerateFirmware.py */ = {isa = PBXFileReference; lastKnownFileType = text.script.python; path = GenerateFirmware.py; sourceTree = "<group>"; };
		405460862CDBD5B5007865E5 /* Firmware.cpp */ = {isa = PBXFileReference; lastKnownFileType = sourcecode.cpp.cpp; path = Firmware.cpp; sourceTree = "<group>"; };
		405460882CDBDF58007865E5 /* AGDP.hpp */ = {isa = PBXFileReference; lastKnownFileType = sourcecode.cpp.h; path = AGDP.hpp; sourceTree = "<group>"; };
		4054608B2CDBDF89007865E5 /* AGDP.cpp */ = {isa = PBXFileReference; lastKnownFileType = sourcecode.cpp.cpp; path = AGDP.cpp; sourceTree = "<group>"; };
		405460902CDBF215007865E5 /* NRedAttributes.hpp */ = {isa = PBXFileReference; lastKnownFileType = sourcecode.cpp.h; path = NRedAttributes.hpp; sourceTree = "<group>"; };
		406889892A229BF600028D22 /* PatcherPlus.cpp */ = {isa = PBXFileReference; lastKnownFileType = sourcecode.cpp.cpp; path = PatcherPlus.cpp; sourceTree = "<group>"; };
		4068898A2A229BF600028D22 /* PatcherPlus.hpp */ = {isa = PBXFileReference; lastKnownFileType = sourcecode.cpp.h; path = PatcherPlus.hpp; sourceTree = "<group>"; };
		408B3DD32CDFA3CC00CAE5D2 /* GoldenSettings.hpp */ = {isa = PBXFileReference; lastKnownFileType = sourcecode.cpp.h; path = GoldenSettings.hpp; sourceTree = "<group>"; };
		408B3DD72CDFA42300CAE5D2 /* GC.hpp */ = {isa = PBXFileReference; lastKnownFileType = sourcecode.cpp.h; path = GC.hpp; sourceTree = "<group>"; };
		408B3DD92CDFA42A00CAE5D2 /* SDMA0.hpp */ = {isa = PBXFileReference; lastKnownFileType = sourcecode.cpp.h; path = SDMA0.hpp; sourceTree = "<group>"; };
		408B3DDB2CDFA43C00CAE5D2 /* IPOffset.hpp */ = {isa = PBXFileReference; lastKnownFileType = sourcecode.cpp.h; path = IPOffset.hpp; sourceTree = "<group>"; };
		408B3DDD2CDFA46800CAE5D2 /* NBIO.hpp */ = {isa = PBXFileReference; lastKnownFileType = sourcecode.cpp.h; path = NBIO.hpp; sourceTree = "<group>"; };
		408B3DDF2CDFA60900CAE5D2 /* SMU.hpp */ = {isa = PBXFileReference; lastKnownFileType = sourcecode.cpp.h; path = SMU.hpp; sourceTree = "<group>"; };
		408B3DE12CDFA66C00CAE5D2 /* DCN1.hpp */ = {isa = PBXFileReference; lastKnownFileType = sourcecode.cpp.h; path = DCN1.hpp; sourceTree = "<group>"; };
		408B3DE32CDFA6F300CAE5D2 /* DCN2.hpp */ = {isa = PBXFileReference; lastKnownFileType = sourcecode.cpp.h; path = DCN2.hpp; sourceTree = "<group>"; };
		408B3DE42CDFA77100CAE5D2 /* SMUIO.hpp */ = {isa = PBXFileReference; lastKnownFileType = sourcecode.cpp.h; path = SMUIO.hpp; sourceTree = "<group>"; };
		408B3DE62CDFA7A200CAE5D2 /* RavenPPSMC.hpp */ = {isa = PBXFileReference; lastKnownFileType = sourcecode.cpp.h; path = RavenPPSMC.hpp; sourceTree = "<group>"; };
		408B3DE82CDFA80B00CAE5D2 /* RenoirPPSMC.hpp */ = {isa = PBXFileReference; lastKnownFileType = sourcecode.cpp.h; path = RenoirPPSMC.hpp; sourceTree = "<group>"; };
		408B3DEB2CDFB7DA00CAE5D2 /* HWBlock.hpp */ = {isa = PBXFileReference; lastKnownFileType = sourcecode.cpp.h; path = HWBlock.hpp; sourceTree = "<group>"; };
		408B3DED2CDFB80000CAE5D2 /* GoldenSettings.hpp */ = {isa = PBXFileReference; lastKnownFileType = sourcecode.cpp.h; path = GoldenSettings.hpp; sourceTree = "<group>"; };
		408B3DEF2CDFB91800CAE5D2 /* DevCaps.hpp */ = {isa = PBXFileReference; lastKnownFileType = sourcecode.cpp.h; path = DevCaps.hpp; sourceTree = "<group>"; };
		408B3DF12CDFB98500CAE5D2 /* Result.hpp */ = {isa = PBXFileReference; lastKnownFileType = sourcecode.cpp.h; path = Result.hpp; sourceTree = "<group>"; };
		408F201E288ACBB0002EEC15 /* Firmware.hpp */ = {isa = PBXFileReference; lastKnownFileType = sourcecode.cpp.h; path = Firmware.hpp; sourceTree = "<group>"; };
		409127532CE2CBB2004DBDB5 /* PSP.hpp */ = {isa = PBXFileReference; lastKnownFileType = sourcecode.cpp.h; path = PSP.hpp; sourceTree = "<group>"; };
		409127552CE2CC01004DBDB5 /* ASICCaps.hpp */ = {isa = PBXFileReference; lastKnownFileType = sourcecode.cpp.h; path = ASICCaps.hpp; sourceTree = "<group>"; };
		409127582CE2EBCD004DBDB5 /* VidMemType.hpp */ = {isa = PBXFileReference; lastKnownFileType = sourcecode.cpp.h; path = VidMemType.hpp; sourceTree = "<group>"; };
		4091275D2CE2ED98004DBDB5 /* COS.hpp */ = {isa = PBXFileReference; lastKnownFileType = sourcecode.cpp.h; path = COS.hpp; sourceTree = "<group>"; };
		409127602CE2EDC6004DBDB5 /* DeviceType.hpp */ = {isa = PBXFileReference; lastKnownFileType = sourcecode.cpp.h; path = DeviceType.hpp; sourceTree = "<group>"; };
		409127632CE2F2D2004DBDB5 /* ASICCaps.hpp */ = {isa = PBXFileReference; lastKnownFileType = sourcecode.cpp.h; path = ASICCaps.hpp; sourceTree = "<group>"; };
		409127652CE2F2F4004DBDB5 /* PowerPlay.hpp */ = {isa = PBXFileReference; lastKnownFileType = sourcecode.cpp.h; path = PowerPlay.hpp; sourceTree = "<group>"; };
		409127672CE2F360004DBDB5 /* DevCaps.hpp */ = {isa = PBXFileReference; lastKnownFileType = sourcecode.cpp.h; path = DevCaps.hpp; sourceTree = "<group>"; };
		409127692CE2F5EF004DBDB5 /* AddrLib.hpp */ = {isa = PBXFileReference; lastKnownFileType = sourcecode.cpp.h; path = AddrLib.hpp; sourceTree = "<group>"; };
		4091276C2CE2F681004DBDB5 /* SignalTypes.hpp */ = {isa = PBXFileReference; lastKnownFileType = sourcecode.cpp.h; path = SignalTypes.hpp; sourceTree = "<group>"; };
		4091276F2CE2F724004DBDB5 /* Family.hpp */ = {isa = PBXFileReference; lastKnownFileType = sourcecode.cpp.h; path = Family.hpp; sourceTree = "<group>"; };
		409127712CE2F76C004DBDB5 /* Driver.hpp */ = {isa = PBXFileReference; lastKnownFileType = sourcecode.cpp.h; path = Driver.hpp; sourceTree = "<group>"; };
		409127732CE2F7B0004DBDB5 /* SMU.hpp */ = {isa = PBXFileReference; lastKnownFileType = sourcecode.cpp.h; path = SMU.hpp; sourceTree = "<group>"; };
		409127752CE2F7EA004DBDB5 /* Linux.hpp */ = {isa = PBXFileReference; lastKnownFileType = sourcecode.cpp.h; path = Linux.hpp; sourceTree = "<group>"; };
		409127782CE2F866004DBDB5 /* HWEngine.hpp */ = {isa = PBXFileReference; lastKnownFileType = sourcecode.cpp.h; path = HWEngine.hpp; sourceTree = "<group>"; };
		40F39FDB2CDD6087007AE975 /* Backlight.hpp */ = {isa = PBXFileReference; lastKnownFileType = sourcecode.cpp.h; path = Backlight.hpp; sourceTree = "<group>"; };
		40F39FDD2CDD60A3007AE975 /* Backlight.cpp */ = {isa = PBXFileReference; lastKnownFileType = sourcecode.cpp.cpp; path = Backlight.cpp; sourceTree = "<group>"; };
		40F39FDF2CDE8424007AE975 /* X6000FB.cpp */ = {isa = PBXFileReference; lastKnownFileType = sourcecode.cpp.cpp; path = X6000FB.cpp; sourceTree = "<group>"; };
		40F39FE12CDE8643007AE975 /* X6000FB.hpp */ = {isa = PBXFileReference; lastKnownFileType = sourcecode.cpp.h; path = X6000FB.hpp; sourceTree = "<group>"; };
		40FC5FCE29BF942900367F9D /* ATOMBIOS.hpp */ = {isa = PBXFileReference; lastKnownFileType = sourcecode.cpp.h; path = ATOMBIOS.hpp; sourceTree = "<group>"; };
		40FC5FD329BF995000367F9D /* X6000FB.cpp */ = {isa = PBXFileReference; lastKnownFileType = sourcecode.cpp.cpp; path = X6000FB.cpp; sourceTree = "<group>"; };
		40FC5FD429BF995000367F9D /* X6000FB.hpp */ = {isa = PBXFileReference; lastKnownFileType = sourcecode.cpp.h; path = X6000FB.hpp; sourceTree = "<group>"; };
		40FC5FD729BF995E00367F9D /* X5000.cpp */ = {isa = PBXFileReference; lastKnownFileType = sourcecode.cpp.cpp; path = X5000.cpp; sourceTree = "<group>"; };
		40FC5FD829BF995E00367F9D /* X5000.hpp */ = {isa = PBXFileReference; lastKnownFileType = sourcecode.cpp.h; path = X5000.hpp; sourceTree = "<group>"; };
		40FC5FDB29BF996900367F9D /* HWLibs.cpp */ = {isa = PBXFileReference; lastKnownFileType = sourcecode.cpp.cpp; path = HWLibs.cpp; sourceTree = "<group>"; };
		40FC5FDC29BF996900367F9D /* HWLibs.hpp */ = {isa = PBXFileReference; lastKnownFileType = sourcecode.cpp.h; path = HWLibs.hpp; sourceTree = "<group>"; };
		40FC5FDF29BF9E2500367F9D /* X6000.cpp */ = {isa = PBXFileReference; lastKnownFileType = sourcecode.cpp.cpp; path = X6000.cpp; sourceTree = "<group>"; };
		40FC5FE029BF9E2500367F9D /* X6000.hpp */ = {isa = PBXFileReference; lastKnownFileType = sourcecode.cpp.h; path = X6000.hpp; sourceTree = "<group>"; };
		6C1B36642A407C6100B184DD /* AppleGFXHDA.cpp */ = {isa = PBXFileReference; lastKnownFileType = sourcecode.cpp.cpp; path = AppleGFXHDA.cpp; sourceTree = "<group>"; };
		6C1B36652A407C6100B184DD /* AppleGFXHDA.hpp */ = {isa = PBXFileReference; lastKnownFileType = sourcecode.cpp.h; path = AppleGFXHDA.hpp; sourceTree = "<group>"; };
		CE405ED81E4A080700AA0B3D /* plugin_start.cpp */ = {isa = PBXFileReference; fileEncoding = 4; lastKnownFileType = sourcecode.cpp.cpp; path = plugin_start.cpp; sourceTree = "<group>"; };
		CE8DA0822517C41A008C44E8 /* libkmod.a */ = {isa = PBXFileReference; lastKnownFileType = archive.ar; name = libkmod.a; path = MacKernelSDK/Library/x86_64/libkmod.a; sourceTree = SOURCE_ROOT; };
		CEA03B5C20EE825A00BA842F /* NRed.cpp */ = {isa = PBXFileReference; lastKnownFileType = sourcecode.cpp.cpp; path = NRed.cpp; sourceTree = "<group>"; };
		CEA03B5D20EE825A00BA842F /* NRed.hpp */ = {isa = PBXFileReference; lastKnownFileType = sourcecode.cpp.h; path = NRed.hpp; sourceTree = "<group>"; };
/* End PBXFileReference section */

/* Begin PBXFrameworksBuildPhase section */
		1C748C231C21952C0024EED2 /* Frameworks */ = {
			isa = PBXFrameworksBuildPhase;
			buildActionMask = 2147483647;
			files = (
				CE8DA0832517C41A008C44E8 /* libkmod.a in Frameworks */,
			);
			runOnlyForDeploymentPostprocessing = 0;
		};
/* End PBXFrameworksBuildPhase section */

/* Begin PBXGroup section */
		1C748C1D1C21952C0024EED2 = {
			isa = PBXGroup;
			children = (
				1C748C291C21952C0024EED2 /* NootedRed */,
				405460832CDBBE12007865E5 /* Scripts */,
				CE8DA0812517C41A008C44E8 /* Frameworks */,
				1C748C281C21952C0024EED2 /* Products */,
				CE405EC81E49DD7B00AA0B3D /* SDK */,
			);
			sourceTree = "<group>";
			usesTabs = 1;
		};
		1C748C281C21952C0024EED2 /* Products */ = {
			isa = PBXGroup;
			children = (
				1C748C271C21952C0024EED2 /* NootedRed.kext */,
			);
			name = Products;
			sourceTree = "<group>";
		};
		1C748C291C21952C0024EED2 /* NootedRed */ = {
			isa = PBXGroup;
			children = (
				405460802CDBB84B007865E5 /* PrivateHeaders */,
				4054608A2CDBDF70007865E5 /* Hotfixes */,
				6C1B36642A407C6100B184DD /* AppleGFXHDA.cpp */,
				40F39FDD2CDD60A3007AE975 /* Backlight.cpp */,
				405460862CDBD5B5007865E5 /* Firmware.cpp */,
				40FC5FDB29BF996900367F9D /* HWLibs.cpp */,
				1C748C2E1C21952C0024EED2 /* Info.plist */,
				401075922CDA8742002D1CD7 /* Model.cpp */,
				CEA03B5C20EE825A00BA842F /* NRed.cpp */,
				406889892A229BF600028D22 /* PatcherPlus.cpp */,
				1C748C2C1C21952C0024EED2 /* Plugin.cpp */,
				40FC5FD729BF995E00367F9D /* X5000.cpp */,
				40FC5FDF29BF9E2500367F9D /* X6000.cpp */,
				40FC5FD329BF995000367F9D /* X6000FB.cpp */,
			);
			path = NootedRed;
			sourceTree = "<group>";
		};
		405460802CDBB84B007865E5 /* PrivateHeaders */ = {
			isa = PBXGroup;
			children = (
				409127572CE2EB96004DBDB5 /* GPUDriversAMD */,
				4054608F2CDBF1CA007865E5 /* Hotfixes */,
				408B3DD12CDFA36200CAE5D2 /* iVega */,
				6C1B36652A407C6100B184DD /* AppleGFXHDA.hpp */,
				40F39FDB2CDD6087007AE975 /* Backlight.hpp */,
				408F201E288ACBB0002EEC15 /* Firmware.hpp */,
				40FC5FDC29BF996900367F9D /* HWLibs.hpp */,
				40364DB529B79DFD0070A2B4 /* Model.hpp */,
				CEA03B5D20EE825A00BA842F /* NRed.hpp */,
				405460902CDBF215007865E5 /* NRedAttributes.hpp */,
				4014D9712C74AA5F00FDE986 /* ObjectField.hpp */,
				4068898A2A229BF600028D22 /* PatcherPlus.hpp */,
				40FC5FD829BF995E00367F9D /* X5000.hpp */,
				40FC5FE029BF9E2500367F9D /* X6000.hpp */,
				40FC5FD429BF995000367F9D /* X6000FB.hpp */,
			);
			path = PrivateHeaders;
			sourceTree = "<group>";
		};
		405460832CDBBE12007865E5 /* Scripts */ = {
			isa = PBXGroup;
			children = (
				405460812CDBBE12007865E5 /* FwGen.sh */,
				405460822CDBBE12007865E5 /* GenerateFirmware.py */,
			);
			path = Scripts;
			sourceTree = "<group>";
		};
		4054608A2CDBDF70007865E5 /* Hotfixes */ = {
			isa = PBXGroup;
			children = (
				4054608B2CDBDF89007865E5 /* AGDP.cpp */,
				40F39FDF2CDE8424007AE975 /* X6000FB.cpp */,
			);
			path = Hotfixes;
			sourceTree = "<group>";
		};
		4054608F2CDBF1CA007865E5 /* Hotfixes */ = {
			isa = PBXGroup;
			children = (
				40F39FE12CDE8643007AE975 /* X6000FB.hpp */,
				405460882CDBDF58007865E5 /* AGDP.hpp */,
			);
			path = Hotfixes;
			sourceTree = "<group>";
		};
		408B3DD12CDFA36200CAE5D2 /* iVega */ = {
			isa = PBXGroup;
			children = (
				408B3DD62CDFA41A00CAE5D2 /* Regs */,
				408B3DD32CDFA3CC00CAE5D2 /* GoldenSettings.hpp */,
				408B3DDB2CDFA43C00CAE5D2 /* IPOffset.hpp */,
				408B3DE62CDFA7A200CAE5D2 /* RavenPPSMC.hpp */,
				408B3DE82CDFA80B00CAE5D2 /* RenoirPPSMC.hpp */,
				409127632CE2F2D2004DBDB5 /* ASICCaps.hpp */,
				409127672CE2F360004DBDB5 /* DevCaps.hpp */,
			);
			path = iVega;
			sourceTree = "<group>";
		};
		408B3DD62CDFA41A00CAE5D2 /* Regs */ = {
			isa = PBXGroup;
			children = (
				408B3DE42CDFA77100CAE5D2 /* SMUIO.hpp */,
				408B3DE12CDFA66C00CAE5D2 /* DCN1.hpp */,
				408B3DE32CDFA6F300CAE5D2 /* DCN2.hpp */,
				408B3DD72CDFA42300CAE5D2 /* GC.hpp */,
				408B3DDD2CDFA46800CAE5D2 /* NBIO.hpp */,
				408B3DD92CDFA42A00CAE5D2 /* SDMA0.hpp */,
				408B3DDF2CDFA60900CAE5D2 /* SMU.hpp */,
			);
			path = Regs;
			sourceTree = "<group>";
		};
		408B3DEA2CDFB7CE00CAE5D2 /* CAIL */ = {
			isa = PBXGroup;
			children = (
				408B3DEF2CDFB91800CAE5D2 /* DevCaps.hpp */,
				408B3DED2CDFB80000CAE5D2 /* GoldenSettings.hpp */,
				408B3DEB2CDFB7DA00CAE5D2 /* HWBlock.hpp */,
				408B3DF12CDFB98500CAE5D2 /* Result.hpp */,
				409127552CE2CC01004DBDB5 /* ASICCaps.hpp */,
				4091275D2CE2ED98004DBDB5 /* COS.hpp */,
				409127602CE2EDC6004DBDB5 /* DeviceType.hpp */,
			);
			path = CAIL;
			sourceTree = "<group>";
		};
		409127572CE2EB96004DBDB5 /* GPUDriversAMD */ = {
			isa = PBXGroup;
			children = (
				409127772CE2F854004DBDB5 /* Accel */,
				408B3DEA2CDFB7CE00CAE5D2 /* CAIL */,
				4091276B2CE2F664004DBDB5 /* DC */,
				409127692CE2F5EF004DBDB5 /* AddrLib.hpp */,
				40FC5FCE29BF942900367F9D /* ATOMBIOS.hpp */,
				409127712CE2F76C004DBDB5 /* Driver.hpp */,
				4091276F2CE2F724004DBDB5 /* Family.hpp */,
				409127752CE2F7EA004DBDB5 /* Linux.hpp */,
				409127652CE2F2F4004DBDB5 /* PowerPlay.hpp */,
				409127532CE2CBB2004DBDB5 /* PSP.hpp */,
				409127732CE2F7B0004DBDB5 /* SMU.hpp */,
				409127582CE2EBCD004DBDB5 /* VidMemType.hpp */,
			);
			path = GPUDriversAMD;
			sourceTree = "<group>";
		};
		4091276B2CE2F664004DBDB5 /* DC */ = {
			isa = PBXGroup;
			children = (
				4091276C2CE2F681004DBDB5 /* SignalTypes.hpp */,
				4012096B2CE2FD96006E2812 /* DPCD.hpp */,
			);
			path = DC;
			sourceTree = "<group>";
		};
		409127772CE2F854004DBDB5 /* Accel */ = {
			isa = PBXGroup;
			children = (
				409127782CE2F866004DBDB5 /* HWEngine.hpp */,
			);
			path = Accel;
			sourceTree = "<group>";
		};
		CE405EC51E49DD7100AA0B3D /* Library */ = {
			isa = PBXGroup;
			children = (
				CE405ED81E4A080700AA0B3D /* plugin_start.cpp */,
			);
			name = Library;
			path = Lilu/Lilu/Library;
			sourceTree = SOURCE_ROOT;
		};
		CE405EC81E49DD7B00AA0B3D /* SDK */ = {
			isa = PBXGroup;
			children = (
				CE405EC51E49DD7100AA0B3D /* Library */,
			);
			name = SDK;
			sourceTree = "<group>";
		};
		CE8DA0812517C41A008C44E8 /* Frameworks */ = {
			isa = PBXGroup;
			children = (
				CE8DA0822517C41A008C44E8 /* libkmod.a */,
			);
			name = Frameworks;
			sourceTree = "<group>";
		};
/* End PBXGroup section */

/* Begin PBXHeadersBuildPhase section */
		1C748C241C21952C0024EED2 /* Headers */ = {
			isa = PBXHeadersBuildPhase;
			buildActionMask = 2147483647;
			files = (
				4069F00F29C3A241005293B4 /* ATOMBIOS.hpp in Headers */,
				409127742CE2F7B0004DBDB5 /* SMU.hpp in Headers */,
				40FC5FDA29BF995E00367F9D /* X5000.hpp in Headers */,
				4091275E2CE2ED98004DBDB5 /* COS.hpp in Headers */,
				40FC5FE229BF9E2500367F9D /* X6000.hpp in Headers */,
				409127762CE2F7EA004DBDB5 /* Linux.hpp in Headers */,
				409127722CE2F76C004DBDB5 /* Driver.hpp in Headers */,
				40364DB629B79DFD0070A2B4 /* Model.hpp in Headers */,
				4014D9722C74AA7000FDE986 /* ObjectField.hpp in Headers */,
				4091276D2CE2F681004DBDB5 /* SignalTypes.hpp in Headers */,
				CEA03B5F20EE825A00BA842F /* NRed.hpp in Headers */,
				409127662CE2F2F4004DBDB5 /* PowerPlay.hpp in Headers */,
				408B3DE52CDFA77800CAE5D2 /* SMUIO.hpp in Headers */,
				408B3DE92CDFA81200CAE5D2 /* RenoirPPSMC.hpp in Headers */,
				408B3DD82CDFA42700CAE5D2 /* GC.hpp in Headers */,
				40FC5FD629BF995000367F9D /* X6000FB.hpp in Headers */,
				408B3DEE2CDFB80700CAE5D2 /* GoldenSettings.hpp in Headers */,
				4012096C2CE2FD96006E2812 /* DPCD.hpp in Headers */,
				408B3DDC2CDFA44100CAE5D2 /* IPOffset.hpp in Headers */,
				40FC5FDE29BF996900367F9D /* HWLibs.hpp in Headers */,
				4068898C2A229BF600028D22 /* PatcherPlus.hpp in Headers */,
				405460912CDBF221007865E5 /* NRedAttributes.hpp in Headers */,
				408B3DE22CDFA66F00CAE5D2 /* DCN1.hpp in Headers */,
				409127642CE2F2D2004DBDB5 /* ASICCaps.hpp in Headers */,
				409127682CE2F360004DBDB5 /* DevCaps.hpp in Headers */,
				408B3DEC2CDFB7DE00CAE5D2 /* HWBlock.hpp in Headers */,
				6C1B36672A407C6200B184DD /* AppleGFXHDA.hpp in Headers */,
				409127612CE2EDC6004DBDB5 /* DeviceType.hpp in Headers */,
				408B3DDA2CDFA42E00CAE5D2 /* SDMA0.hpp in Headers */,
				408B3DF02CDFB91F00CAE5D2 /* DevCaps.hpp in Headers */,
				409127792CE2F866004DBDB5 /* HWEngine.hpp in Headers */,
				409127592CE2EBCD004DBDB5 /* VidMemType.hpp in Headers */,
				408B3DE72CDFA7AC00CAE5D2 /* RavenPPSMC.hpp in Headers */,
				409127562CE2CC01004DBDB5 /* ASICCaps.hpp in Headers */,
				408B3DE02CDFA60E00CAE5D2 /* SMU.hpp in Headers */,
				408B3DDE2CDFA46B00CAE5D2 /* NBIO.hpp in Headers */,
				405460892CDBDF6A007865E5 /* AGDP.hpp in Headers */,
				4091276A2CE2F5EF004DBDB5 /* AddrLib.hpp in Headers */,
				409127542CE2CBC0004DBDB5 /* PSP.hpp in Headers */,
				409127702CE2F724004DBDB5 /* Family.hpp in Headers */,
				40F39FDC2CDD609E007AE975 /* Backlight.hpp in Headers */,
				40F39FE22CDE864A007AE975 /* X6000FB.hpp in Headers */,
				408B3DD42CDFA3D200CAE5D2 /* GoldenSettings.hpp in Headers */,
				408B3DF22CDFB98800CAE5D2 /* Result.hpp in Headers */,
			);
			runOnlyForDeploymentPostprocessing = 0;
		};
/* End PBXHeadersBuildPhase section */

/* Begin PBXNativeTarget section */
		1C748C261C21952C0024EED2 /* NootedRed */ = {
			isa = PBXNativeTarget;
			buildConfigurationList = 1C748C311C21952C0024EED2 /* Build configuration list for PBXNativeTarget "NootedRed" */;
			buildPhases = (
				408F2028288ACCC6002EEC15 /* ShellScript */,
				1C748C221C21952C0024EED2 /* Sources */,
				1C748C231C21952C0024EED2 /* Frameworks */,
				1C748C241C21952C0024EED2 /* Headers */,
				1C642F521C8F157A006B4C51 /* Copy Files */,
				CE131D6A1FB728990036C3A0 /* Archive */,
			);
			buildRules = (
			);
			dependencies = (
			);
			name = NootedRed;
			productName = NootedRed;
			productReference = 1C748C271C21952C0024EED2 /* NootedRed.kext */;
			productType = "com.apple.product-type.kernel-extension";
		};
/* End PBXNativeTarget section */

/* Begin PBXProject section */
		1C748C1E1C21952C0024EED2 /* Project object */ = {
			isa = PBXProject;
			attributes = {
				BuildIndependentTargetsInParallel = YES;
				LastUpgradeCheck = 1530;
				ORGANIZATIONNAME = ChefKiss;
				TargetAttributes = {
					1C748C261C21952C0024EED2 = {
						CreatedOnToolsVersion = 7.2;
					};
				};
			};
			buildConfigurationList = 1C748C211C21952C0024EED2 /* Build configuration list for PBXProject "NootedRed" */;
			compatibilityVersion = "Xcode 3.2";
			developmentRegion = en;
			hasScannedForEncodings = 0;
			knownRegions = (
				en,
				Base,
			);
			mainGroup = 1C748C1D1C21952C0024EED2;
			productRefGroup = 1C748C281C21952C0024EED2 /* Products */;
			projectDirPath = "";
			projectRoot = "";
			targets = (
				1C748C261C21952C0024EED2 /* NootedRed */,
			);
		};
/* End PBXProject section */

/* Begin PBXShellScriptBuildPhase section */
		408F2028288ACCC6002EEC15 /* ShellScript */ = {
			isa = PBXShellScriptBuildPhase;
			alwaysOutOfDate = 1;
			buildActionMask = 2147483647;
			files = (
			);
			inputFileListPaths = (
			);
			inputPaths = (
				"$(PROJECT_DIR)/NootedRed/Firmware/",
			);
			outputFileListPaths = (
			);
			outputPaths = (
				"$(PROJECT_DIR)/NootedRed/Firmware.cpp",
			);
			runOnlyForDeploymentPostprocessing = 0;
			shellPath = /bin/sh;
			shellScript = "Scripts/FwGen.sh -P \"${PROJECT_DIR}/NootedRed/Firmware/\"\n";
		};
		CE131D6A1FB728990036C3A0 /* Archive */ = {
			isa = PBXShellScriptBuildPhase;
			buildActionMask = 2147483647;
			files = (
			);
			inputPaths = (
			);
			name = Archive;
			outputPaths = (
			);
			runOnlyForDeploymentPostprocessing = 0;
			shellPath = /bin/bash;
			shellScript = "cd \"${TARGET_BUILD_DIR}\"\n\ndist=(\"$FULL_PRODUCT_NAME\")\nif [ -d \"$DWARF_DSYM_FILE_NAME\" ]; then dist+=(\"$DWARF_DSYM_FILE_NAME\"); fi\n\narchive=\"${PRODUCT_NAME}-${MODULE_VERSION}-$(echo $CONFIGURATION | tr /a-z/ /A-Z/ | tr /\\ / /_/).zip\"\nrm -rf *.zip\nif [ \"$CONFIGURATION\" == \"Release\" ] || [ \"$CONFIGURATION\" == \"Research Release\" ]; then\n  strip -x -T \"${EXECUTABLE_PATH}\" &>/dev/null || strip -x \"${EXECUTABLE_PATH}\"\nfi\nzip -qry -FS \"${archive}\" \"${dist[@]}\"\n";
		};
/* End PBXShellScriptBuildPhase section */

/* Begin PBXSourcesBuildPhase section */
		1C748C221C21952C0024EED2 /* Sources */ = {
			isa = PBXSourcesBuildPhase;
			buildActionMask = 2147483647;
			files = (
				40FC5FDD29BF996900367F9D /* HWLibs.cpp in Sources */,
				40FC5FD529BF995000367F9D /* X6000FB.cpp in Sources */,
				6C1B36662A407C6100B184DD /* AppleGFXHDA.cpp in Sources */,
				4068898B2A229BF600028D22 /* PatcherPlus.cpp in Sources */,
				40F39FE02CDE842B007AE975 /* X6000FB.cpp in Sources */,
				40FC5FE129BF9E2500367F9D /* X6000.cpp in Sources */,
				401075932CDA8746002D1CD7 /* Model.cpp in Sources */,
				405460872CDBD5B5007865E5 /* Firmware.cpp in Sources */,
				40F39FDE2CDD60A4007AE975 /* Backlight.cpp in Sources */,
				CEA03B5E20EE825A00BA842F /* NRed.cpp in Sources */,
				CE405ED91E4A080700AA0B3D /* plugin_start.cpp in Sources */,
				4054608C2CDBDF8C007865E5 /* AGDP.cpp in Sources */,
				40FC5FD929BF995E00367F9D /* X5000.cpp in Sources */,
				1C748C2D1C21952C0024EED2 /* Plugin.cpp in Sources */,
			);
			runOnlyForDeploymentPostprocessing = 0;
		};
/* End PBXSourcesBuildPhase section */

/* Begin XCBuildConfiguration section */
		1C748C2F1C21952C0024EED2 /* Debug */ = {
			isa = XCBuildConfiguration;
			buildSettings = {
				ALWAYS_SEARCH_USER_PATHS = NO;
				ARCHS = x86_64;
				CLANG_ADDRESS_SANITIZER_CONTAINER_OVERFLOW = YES;
				CLANG_ANALYZER_GCD_PERFORMANCE = YES;
				CLANG_ANALYZER_LOCALIZABILITY_EMPTY_CONTEXT = YES;
				CLANG_ANALYZER_LOCALIZABILITY_NONLOCALIZED = YES;
				CLANG_ANALYZER_OSOBJECT_C_STYLE_CAST = YES;
				CLANG_ANALYZER_SECURITY_FLOATLOOPCOUNTER = YES;
				CLANG_ANALYZER_SECURITY_INSECUREAPI_RAND = YES;
				CLANG_ANALYZER_SECURITY_INSECUREAPI_STRCPY = YES;
				CLANG_CXX_LANGUAGE_STANDARD = "c++20";
				CLANG_ENABLE_OBJC_WEAK = YES;
				CLANG_TIDY_BUGPRONE_REDUNDANT_BRANCH_CONDITION = YES;
				CLANG_TIDY_MISC_REDUNDANT_EXPRESSION = YES;
				CLANG_UNDEFINED_BEHAVIOR_SANITIZER_INTEGER = YES;
				CLANG_UNDEFINED_BEHAVIOR_SANITIZER_NULLABILITY = YES;
				CLANG_WARN_ASSIGN_ENUM = YES;
				CLANG_WARN_ATOMIC_IMPLICIT_SEQ_CST = YES;
				CLANG_WARN_BLOCK_CAPTURE_AUTORELEASING = YES;
				CLANG_WARN_BOOL_CONVERSION = YES;
				CLANG_WARN_COMMA = YES;
				CLANG_WARN_COMPLETION_HANDLER_MISUSE = YES;
				CLANG_WARN_CONSTANT_CONVERSION = YES;
				CLANG_WARN_CXX0X_EXTENSIONS = YES;
				CLANG_WARN_DEPRECATED_OBJC_IMPLEMENTATIONS = YES;
				CLANG_WARN_DIRECT_OBJC_ISA_USAGE = YES_ERROR;
				CLANG_WARN_EMPTY_BODY = YES;
				CLANG_WARN_ENUM_CONVERSION = YES;
				CLANG_WARN_IMPLICIT_SIGN_CONVERSION = YES;
				CLANG_WARN_INFINITE_RECURSION = YES;
				CLANG_WARN_INT_CONVERSION = YES;
				CLANG_WARN_NON_LITERAL_NULL_CONVERSION = YES;
				CLANG_WARN_OBJC_IMPLICIT_RETAIN_SELF = YES;
				CLANG_WARN_OBJC_LITERAL_CONVERSION = YES;
				CLANG_WARN_OBJC_REPEATED_USE_OF_WEAK = YES_AGGRESSIVE;
				CLANG_WARN_OBJC_ROOT_CLASS = YES_ERROR;
				CLANG_WARN_QUOTED_INCLUDE_IN_FRAMEWORK_HEADER = YES;
				CLANG_WARN_RANGE_LOOP_ANALYSIS = YES;
				CLANG_WARN_SEMICOLON_BEFORE_METHOD_BODY = YES;
				CLANG_WARN_STRICT_PROTOTYPES = YES;
				CLANG_WARN_SUSPICIOUS_IMPLICIT_CONVERSION = YES;
				CLANG_WARN_SUSPICIOUS_MOVE = YES;
				CLANG_WARN_UNGUARDED_AVAILABILITY = YES_AGGRESSIVE;
				CLANG_WARN_UNREACHABLE_CODE = YES_AGGRESSIVE;
				CLANG_WARN__DUPLICATE_METHOD_MATCH = YES;
				CLANG_WARN__EXIT_TIME_DESTRUCTORS = YES;
				CLANG_X86_VECTOR_INSTRUCTIONS = sse3;
				CODE_SIGN_IDENTITY = "-";
				CODE_SIGN_STYLE = Manual;
				DEBUG_INFORMATION_FORMAT = dwarf;
				ENABLE_STRICT_OBJC_MSGSEND = YES;
				ENABLE_TESTABILITY = YES;
				GCC_C_LANGUAGE_STANDARD = c17;
				GCC_ENABLE_OBJC_EXCEPTIONS = NO;
				GCC_GENERATE_DEBUGGING_SYMBOLS = NO;
				GCC_NO_COMMON_BLOCKS = YES;
				GCC_OPTIMIZATION_LEVEL = 0;
				GCC_PREPROCESSOR_DEFINITIONS = (
					"PRODUCT_NAME=$(PRODUCT_NAME)",
					"MODULE_VERSION=$(MODULE_VERSION)",
					"APPLE_KEXT_ASSERTIONS=1",
					"DEBUG=1",
					"$(inherited)",
				);
				GCC_TREAT_INCOMPATIBLE_POINTER_TYPE_WARNINGS_AS_ERRORS = YES;
				GCC_WARN_64_TO_32_BIT_CONVERSION = YES;
				GCC_WARN_ABOUT_MISSING_FIELD_INITIALIZERS = YES;
				GCC_WARN_ABOUT_MISSING_NEWLINE = YES;
				GCC_WARN_ABOUT_RETURN_TYPE = YES_ERROR;
				GCC_WARN_HIDDEN_VIRTUAL_FUNCTIONS = YES;
				GCC_WARN_INITIALIZER_NOT_FULLY_BRACKETED = YES;
				GCC_WARN_NON_VIRTUAL_DESTRUCTOR = YES;
				GCC_WARN_SHADOW = YES;
				GCC_WARN_SIGN_COMPARE = YES;
				GCC_WARN_UNDECLARED_SELECTOR = YES;
				GCC_WARN_UNINITIALIZED_AUTOS = YES_AGGRESSIVE;
				GCC_WARN_UNKNOWN_PRAGMAS = YES;
				GCC_WARN_UNUSED_FUNCTION = YES;
				GCC_WARN_UNUSED_LABEL = YES;
				GCC_WARN_UNUSED_PARAMETER = YES;
				GCC_WARN_UNUSED_VARIABLE = YES;
				HEADER_SEARCH_PATHS = (
					"$(PROJECT_DIR)/Lilu/Lilu",
					"$(PROJECT_DIR)/MacKernelSDK/Headers",
				);
				LD_WARN_DUPLICATE_LIBRARIES = YES;
				LD_WARN_UNUSED_DYLIBS = YES;
				LIBRARY_SEARCH_PATHS = "$(PROJECT_DIR)/MacKernelSDK/Library/x86_64";
				MACOSX_DEPLOYMENT_TARGET = 10.15;
				ONLY_ACTIVE_ARCH = YES;
				RUN_CLANG_STATIC_ANALYZER = YES;
				SDKROOT = macosx;
			};
			name = Debug;
		};
		1C748C301C21952C0024EED2 /* Release */ = {
			isa = XCBuildConfiguration;
			buildSettings = {
				ALWAYS_SEARCH_USER_PATHS = NO;
				ARCHS = x86_64;
				CLANG_ADDRESS_SANITIZER_CONTAINER_OVERFLOW = NO;
				CLANG_ANALYZER_GCD_PERFORMANCE = YES;
				CLANG_ANALYZER_LOCALIZABILITY_EMPTY_CONTEXT = YES;
				CLANG_ANALYZER_LOCALIZABILITY_NONLOCALIZED = YES;
				CLANG_ANALYZER_OSOBJECT_C_STYLE_CAST = YES;
				CLANG_ANALYZER_SECURITY_FLOATLOOPCOUNTER = YES;
				CLANG_ANALYZER_SECURITY_INSECUREAPI_RAND = YES;
				CLANG_ANALYZER_SECURITY_INSECUREAPI_STRCPY = YES;
				CLANG_CXX_LANGUAGE_STANDARD = "c++20";
				CLANG_ENABLE_OBJC_WEAK = YES;
				CLANG_TIDY_BUGPRONE_REDUNDANT_BRANCH_CONDITION = YES;
				CLANG_TIDY_MISC_REDUNDANT_EXPRESSION = YES;
				CLANG_UNDEFINED_BEHAVIOR_SANITIZER_INTEGER = YES;
				CLANG_UNDEFINED_BEHAVIOR_SANITIZER_NULLABILITY = YES;
				CLANG_WARN_ASSIGN_ENUM = YES;
				CLANG_WARN_ATOMIC_IMPLICIT_SEQ_CST = YES;
				CLANG_WARN_BLOCK_CAPTURE_AUTORELEASING = YES;
				CLANG_WARN_BOOL_CONVERSION = YES;
				CLANG_WARN_COMMA = YES;
				CLANG_WARN_COMPLETION_HANDLER_MISUSE = YES;
				CLANG_WARN_CONSTANT_CONVERSION = YES;
				CLANG_WARN_CXX0X_EXTENSIONS = YES;
				CLANG_WARN_DEPRECATED_OBJC_IMPLEMENTATIONS = YES;
				CLANG_WARN_DIRECT_OBJC_ISA_USAGE = YES_ERROR;
				CLANG_WARN_EMPTY_BODY = YES;
				CLANG_WARN_ENUM_CONVERSION = YES;
				CLANG_WARN_IMPLICIT_SIGN_CONVERSION = YES;
				CLANG_WARN_INFINITE_RECURSION = YES;
				CLANG_WARN_INT_CONVERSION = YES;
				CLANG_WARN_NON_LITERAL_NULL_CONVERSION = YES;
				CLANG_WARN_OBJC_IMPLICIT_RETAIN_SELF = YES;
				CLANG_WARN_OBJC_LITERAL_CONVERSION = YES;
				CLANG_WARN_OBJC_REPEATED_USE_OF_WEAK = YES_AGGRESSIVE;
				CLANG_WARN_OBJC_ROOT_CLASS = YES_ERROR;
				CLANG_WARN_QUOTED_INCLUDE_IN_FRAMEWORK_HEADER = YES;
				CLANG_WARN_RANGE_LOOP_ANALYSIS = YES;
				CLANG_WARN_SEMICOLON_BEFORE_METHOD_BODY = YES;
				CLANG_WARN_STRICT_PROTOTYPES = YES;
				CLANG_WARN_SUSPICIOUS_IMPLICIT_CONVERSION = YES;
				CLANG_WARN_SUSPICIOUS_MOVE = YES;
				CLANG_WARN_UNGUARDED_AVAILABILITY = YES_AGGRESSIVE;
				CLANG_WARN_UNREACHABLE_CODE = YES_AGGRESSIVE;
				CLANG_WARN__DUPLICATE_METHOD_MATCH = YES;
				CLANG_WARN__EXIT_TIME_DESTRUCTORS = YES;
				CLANG_X86_VECTOR_INSTRUCTIONS = sse3;
				CODE_SIGN_IDENTITY = "-";
				CODE_SIGN_STYLE = Manual;
				DEAD_CODE_STRIPPING = YES;
				DEBUG_INFORMATION_FORMAT = "dwarf-with-dsym";
				ENABLE_STRICT_OBJC_MSGSEND = YES;
				GCC_C_LANGUAGE_STANDARD = c17;
				GCC_ENABLE_OBJC_EXCEPTIONS = NO;
				GCC_NO_COMMON_BLOCKS = YES;
				GCC_PREPROCESSOR_DEFINITIONS = (
					"PRODUCT_NAME=$(PRODUCT_NAME)",
					"MODULE_VERSION=$(MODULE_VERSION)",
				);
				GCC_SYMBOLS_PRIVATE_EXTERN = YES;
				GCC_TREAT_INCOMPATIBLE_POINTER_TYPE_WARNINGS_AS_ERRORS = YES;
				GCC_WARN_64_TO_32_BIT_CONVERSION = YES;
				GCC_WARN_ABOUT_MISSING_FIELD_INITIALIZERS = YES;
				GCC_WARN_ABOUT_MISSING_NEWLINE = YES;
				GCC_WARN_ABOUT_RETURN_TYPE = YES_ERROR;
				GCC_WARN_HIDDEN_VIRTUAL_FUNCTIONS = YES;
				GCC_WARN_INITIALIZER_NOT_FULLY_BRACKETED = YES;
				GCC_WARN_NON_VIRTUAL_DESTRUCTOR = YES;
				GCC_WARN_SHADOW = YES;
				GCC_WARN_SIGN_COMPARE = YES;
				GCC_WARN_UNDECLARED_SELECTOR = YES;
				GCC_WARN_UNINITIALIZED_AUTOS = YES_AGGRESSIVE;
				GCC_WARN_UNKNOWN_PRAGMAS = YES;
				GCC_WARN_UNUSED_FUNCTION = YES;
				GCC_WARN_UNUSED_LABEL = YES;
				GCC_WARN_UNUSED_PARAMETER = YES;
				GCC_WARN_UNUSED_VARIABLE = YES;
				HEADER_SEARCH_PATHS = (
					"$(PROJECT_DIR)/Lilu/Lilu",
					"$(PROJECT_DIR)/MacKernelSDK/Headers",
				);
				LD_WARN_DUPLICATE_LIBRARIES = YES;
				LD_WARN_UNUSED_DYLIBS = YES;
				LIBRARY_SEARCH_PATHS = "$(PROJECT_DIR)/MacKernelSDK/Library/x86_64";
				LLVM_LTO = YES;
				MACOSX_DEPLOYMENT_TARGET = 10.15;
				ONLY_ACTIVE_ARCH = YES;
				RUN_CLANG_STATIC_ANALYZER = YES;
				SDKROOT = macosx;
			};
			name = Release;
		};
		1C748C321C21952C0024EED2 /* Debug */ = {
			isa = XCBuildConfiguration;
			buildSettings = {
				CURRENT_PROJECT_VERSION = "$(MODULE_VERSION)";
				HEADER_SEARCH_PATHS = (
					"$(inherited)",
					"$(PROJECT_DIR)/$(PRODUCT_NAME)",
				);
				INFOPLIST_FILE = NootedRed/Info.plist;
				MACOSX_DEPLOYMENT_TARGET = 10.15;
				MODULE_NAME = org.ChefKiss.NootedRed;
				MODULE_START = "$(PRODUCT_NAME)_kern_start";
				MODULE_STOP = "$(PRODUCT_NAME)_kern_stop";
				MODULE_VERSION = 1.0.0;
				OTHER_LDFLAGS = "-static";
				PRODUCT_BUNDLE_IDENTIFIER = "$(MODULE_NAME)";
				PRODUCT_NAME = "$(TARGET_NAME)";
				WRAPPER_EXTENSION = kext;
			};
			name = Debug;
		};
		1C748C331C21952C0024EED2 /* Release */ = {
			isa = XCBuildConfiguration;
			buildSettings = {
				CURRENT_PROJECT_VERSION = "$(MODULE_VERSION)";
				HEADER_SEARCH_PATHS = (
					"$(inherited)",
					"$(PROJECT_DIR)/$(PRODUCT_NAME)",
				);
				INFOPLIST_FILE = NootedRed/Info.plist;
				MACOSX_DEPLOYMENT_TARGET = 10.15;
				MODULE_NAME = org.ChefKiss.NootedRed;
				MODULE_START = "$(PRODUCT_NAME)_kern_start";
				MODULE_STOP = "$(PRODUCT_NAME)_kern_stop";
				MODULE_VERSION = 1.0.0;
				OTHER_LDFLAGS = "-static";
				PRODUCT_BUNDLE_IDENTIFIER = "$(MODULE_NAME)";
				PRODUCT_NAME = "$(TARGET_NAME)";
				WRAPPER_EXTENSION = kext;
			};
			name = Release;
		};
		40CF1EDF2CD644DC0027D039 /* Research Release */ = {
			isa = XCBuildConfiguration;
			buildSettings = {
				ALWAYS_SEARCH_USER_PATHS = NO;
				ARCHS = x86_64;
				CLANG_ADDRESS_SANITIZER_CONTAINER_OVERFLOW = NO;
				CLANG_ANALYZER_GCD_PERFORMANCE = YES;
				CLANG_ANALYZER_LOCALIZABILITY_EMPTY_CONTEXT = YES;
				CLANG_ANALYZER_LOCALIZABILITY_NONLOCALIZED = YES;
				CLANG_ANALYZER_OSOBJECT_C_STYLE_CAST = YES;
				CLANG_ANALYZER_SECURITY_FLOATLOOPCOUNTER = YES;
				CLANG_ANALYZER_SECURITY_INSECUREAPI_RAND = YES;
				CLANG_ANALYZER_SECURITY_INSECUREAPI_STRCPY = YES;
				CLANG_CXX_LANGUAGE_STANDARD = "c++20";
				CLANG_ENABLE_OBJC_WEAK = YES;
				CLANG_TIDY_BUGPRONE_REDUNDANT_BRANCH_CONDITION = YES;
				CLANG_TIDY_MISC_REDUNDANT_EXPRESSION = YES;
				CLANG_UNDEFINED_BEHAVIOR_SANITIZER_INTEGER = YES;
				CLANG_UNDEFINED_BEHAVIOR_SANITIZER_NULLABILITY = YES;
				CLANG_WARN_ASSIGN_ENUM = YES;
				CLANG_WARN_ATOMIC_IMPLICIT_SEQ_CST = YES;
				CLANG_WARN_BLOCK_CAPTURE_AUTORELEASING = YES;
				CLANG_WARN_BOOL_CONVERSION = YES;
				CLANG_WARN_COMMA = YES;
				CLANG_WARN_COMPLETION_HANDLER_MISUSE = YES;
				CLANG_WARN_CONSTANT_CONVERSION = YES;
				CLANG_WARN_CXX0X_EXTENSIONS = YES;
				CLANG_WARN_DEPRECATED_OBJC_IMPLEMENTATIONS = YES;
				CLANG_WARN_DIRECT_OBJC_ISA_USAGE = YES_ERROR;
				CLANG_WARN_EMPTY_BODY = YES;
				CLANG_WARN_ENUM_CONVERSION = YES;
				CLANG_WARN_IMPLICIT_SIGN_CONVERSION = YES;
				CLANG_WARN_INFINITE_RECURSION = YES;
				CLANG_WARN_INT_CONVERSION = YES;
				CLANG_WARN_NON_LITERAL_NULL_CONVERSION = YES;
				CLANG_WARN_OBJC_IMPLICIT_RETAIN_SELF = YES;
				CLANG_WARN_OBJC_LITERAL_CONVERSION = YES;
				CLANG_WARN_OBJC_REPEATED_USE_OF_WEAK = YES_AGGRESSIVE;
				CLANG_WARN_OBJC_ROOT_CLASS = YES_ERROR;
				CLANG_WARN_QUOTED_INCLUDE_IN_FRAMEWORK_HEADER = YES;
				CLANG_WARN_RANGE_LOOP_ANALYSIS = YES;
				CLANG_WARN_SEMICOLON_BEFORE_METHOD_BODY = YES;
				CLANG_WARN_STRICT_PROTOTYPES = YES;
				CLANG_WARN_SUSPICIOUS_IMPLICIT_CONVERSION = YES;
				CLANG_WARN_SUSPICIOUS_MOVE = YES;
				CLANG_WARN_UNGUARDED_AVAILABILITY = YES_AGGRESSIVE;
				CLANG_WARN_UNREACHABLE_CODE = YES_AGGRESSIVE;
				CLANG_WARN__DUPLICATE_METHOD_MATCH = YES;
				CLANG_WARN__EXIT_TIME_DESTRUCTORS = YES;
				CLANG_X86_VECTOR_INSTRUCTIONS = sse3;
				CODE_SIGN_IDENTITY = "-";
				CODE_SIGN_STYLE = Manual;
				DEAD_CODE_STRIPPING = YES;
				DEBUG_INFORMATION_FORMAT = "dwarf-with-dsym";
				ENABLE_STRICT_OBJC_MSGSEND = YES;
				GCC_C_LANGUAGE_STANDARD = c17;
				GCC_ENABLE_OBJC_EXCEPTIONS = NO;
				GCC_NO_COMMON_BLOCKS = YES;
				GCC_PREPROCESSOR_DEFINITIONS = (
					"PRODUCT_NAME=$(PRODUCT_NAME)",
					"MODULE_VERSION=$(MODULE_VERSION)",
					"DEBUG=1",
				);
				GCC_SYMBOLS_PRIVATE_EXTERN = YES;
				GCC_TREAT_INCOMPATIBLE_POINTER_TYPE_WARNINGS_AS_ERRORS = YES;
				GCC_WARN_64_TO_32_BIT_CONVERSION = YES;
				GCC_WARN_ABOUT_MISSING_FIELD_INITIALIZERS = YES;
				GCC_WARN_ABOUT_MISSING_NEWLINE = YES;
				GCC_WARN_ABOUT_RETURN_TYPE = YES_ERROR;
				GCC_WARN_HIDDEN_VIRTUAL_FUNCTIONS = YES;
				GCC_WARN_INITIALIZER_NOT_FULLY_BRACKETED = YES;
				GCC_WARN_NON_VIRTUAL_DESTRUCTOR = YES;
				GCC_WARN_SHADOW = YES;
				GCC_WARN_SIGN_COMPARE = YES;
				GCC_WARN_UNDECLARED_SELECTOR = YES;
				GCC_WARN_UNINITIALIZED_AUTOS = YES_AGGRESSIVE;
				GCC_WARN_UNKNOWN_PRAGMAS = YES;
				GCC_WARN_UNUSED_FUNCTION = YES;
				GCC_WARN_UNUSED_LABEL = YES;
				GCC_WARN_UNUSED_PARAMETER = YES;
				GCC_WARN_UNUSED_VARIABLE = YES;
				HEADER_SEARCH_PATHS = (
					"$(PROJECT_DIR)/Lilu/Lilu",
					"$(PROJECT_DIR)/MacKernelSDK/Headers",
				);
				LD_WARN_DUPLICATE_LIBRARIES = YES;
				LD_WARN_UNUSED_DYLIBS = YES;
				LIBRARY_SEARCH_PATHS = "$(PROJECT_DIR)/MacKernelSDK/Library/x86_64";
				LLVM_LTO = YES;
				MACOSX_DEPLOYMENT_TARGET = 10.15;
				ONLY_ACTIVE_ARCH = YES;
				RUN_CLANG_STATIC_ANALYZER = YES;
				SDKROOT = macosx;
			};
			name = "Research Release";
		};
		40CF1EE02CD644DC0027D039 /* Research Release */ = {
			isa = XCBuildConfiguration;
			buildSettings = {
				CURRENT_PROJECT_VERSION = "$(MODULE_VERSION)";
				HEADER_SEARCH_PATHS = (
					"$(inherited)",
					"$(PROJECT_DIR)/$(PRODUCT_NAME)",
				);
				INFOPLIST_FILE = NootedRed/Info.plist;
				MACOSX_DEPLOYMENT_TARGET = 10.15;
				MODULE_NAME = org.ChefKiss.NootedRed;
				MODULE_START = "$(PRODUCT_NAME)_kern_start";
				MODULE_STOP = "$(PRODUCT_NAME)_kern_stop";
				MODULE_VERSION = 1.0.0;
				OTHER_LDFLAGS = "-static";
				PRODUCT_BUNDLE_IDENTIFIER = "$(MODULE_NAME)";
				PRODUCT_NAME = "$(TARGET_NAME)";
				WRAPPER_EXTENSION = kext;
			};
			name = "Research Release";
		};
		CE9901CA21456F6C006E5CF5 /* Sanitize */ = {
			isa = XCBuildConfiguration;
			buildSettings = {
				ALWAYS_SEARCH_USER_PATHS = NO;
				ARCHS = x86_64;
				CLANG_ADDRESS_SANITIZER_CONTAINER_OVERFLOW = YES;
				CLANG_ANALYZER_GCD_PERFORMANCE = YES;
				CLANG_ANALYZER_LOCALIZABILITY_EMPTY_CONTEXT = YES;
				CLANG_ANALYZER_LOCALIZABILITY_NONLOCALIZED = YES;
				CLANG_ANALYZER_OSOBJECT_C_STYLE_CAST = YES;
				CLANG_ANALYZER_SECURITY_FLOATLOOPCOUNTER = YES;
				CLANG_ANALYZER_SECURITY_INSECUREAPI_RAND = YES;
				CLANG_ANALYZER_SECURITY_INSECUREAPI_STRCPY = YES;
				CLANG_CXX_LANGUAGE_STANDARD = "c++20";
				CLANG_ENABLE_OBJC_WEAK = YES;
				CLANG_STATIC_ANALYZER_MODE = deep;
				CLANG_TIDY_BUGPRONE_REDUNDANT_BRANCH_CONDITION = YES;
				CLANG_TIDY_MISC_REDUNDANT_EXPRESSION = YES;
				CLANG_UNDEFINED_BEHAVIOR_SANITIZER_INTEGER = YES;
				CLANG_UNDEFINED_BEHAVIOR_SANITIZER_NULLABILITY = YES;
				CLANG_WARN_ASSIGN_ENUM = YES;
				CLANG_WARN_ATOMIC_IMPLICIT_SEQ_CST = YES;
				CLANG_WARN_BLOCK_CAPTURE_AUTORELEASING = YES;
				CLANG_WARN_BOOL_CONVERSION = YES;
				CLANG_WARN_COMMA = YES;
				CLANG_WARN_COMPLETION_HANDLER_MISUSE = YES;
				CLANG_WARN_CONSTANT_CONVERSION = YES;
				CLANG_WARN_CXX0X_EXTENSIONS = YES;
				CLANG_WARN_DEPRECATED_OBJC_IMPLEMENTATIONS = YES;
				CLANG_WARN_DIRECT_OBJC_ISA_USAGE = YES_ERROR;
				CLANG_WARN_EMPTY_BODY = YES;
				CLANG_WARN_ENUM_CONVERSION = YES;
				CLANG_WARN_IMPLICIT_SIGN_CONVERSION = YES;
				CLANG_WARN_INFINITE_RECURSION = YES;
				CLANG_WARN_INT_CONVERSION = YES;
				CLANG_WARN_NON_LITERAL_NULL_CONVERSION = YES;
				CLANG_WARN_OBJC_IMPLICIT_RETAIN_SELF = YES;
				CLANG_WARN_OBJC_LITERAL_CONVERSION = YES;
				CLANG_WARN_OBJC_REPEATED_USE_OF_WEAK = YES_AGGRESSIVE;
				CLANG_WARN_OBJC_ROOT_CLASS = YES_ERROR;
				CLANG_WARN_QUOTED_INCLUDE_IN_FRAMEWORK_HEADER = YES;
				CLANG_WARN_RANGE_LOOP_ANALYSIS = YES;
				CLANG_WARN_SEMICOLON_BEFORE_METHOD_BODY = YES;
				CLANG_WARN_STRICT_PROTOTYPES = YES;
				CLANG_WARN_SUSPICIOUS_IMPLICIT_CONVERSION = YES;
				CLANG_WARN_SUSPICIOUS_MOVE = YES;
				CLANG_WARN_UNGUARDED_AVAILABILITY = YES_AGGRESSIVE;
				CLANG_WARN_UNREACHABLE_CODE = YES_AGGRESSIVE;
				CLANG_WARN__DUPLICATE_METHOD_MATCH = YES;
				CLANG_WARN__EXIT_TIME_DESTRUCTORS = YES;
				CLANG_X86_VECTOR_INSTRUCTIONS = sse3;
				CODE_SIGN_IDENTITY = "-";
				CODE_SIGN_STYLE = Manual;
				DEBUG_INFORMATION_FORMAT = dwarf;
				ENABLE_STRICT_OBJC_MSGSEND = YES;
				ENABLE_TESTABILITY = YES;
				GCC_C_LANGUAGE_STANDARD = c17;
				GCC_ENABLE_OBJC_EXCEPTIONS = NO;
				GCC_GENERATE_DEBUGGING_SYMBOLS = NO;
				GCC_NO_COMMON_BLOCKS = YES;
				GCC_PREPROCESSOR_DEFINITIONS = (
					"PRODUCT_NAME=$(PRODUCT_NAME)",
					"MODULE_VERSION=$(MODULE_VERSION)",
					"DEBUG=1",
				);
				GCC_TREAT_INCOMPATIBLE_POINTER_TYPE_WARNINGS_AS_ERRORS = YES;
				GCC_WARN_64_TO_32_BIT_CONVERSION = YES;
				GCC_WARN_ABOUT_MISSING_FIELD_INITIALIZERS = YES;
				GCC_WARN_ABOUT_MISSING_NEWLINE = YES;
				GCC_WARN_ABOUT_RETURN_TYPE = YES_ERROR;
				GCC_WARN_HIDDEN_VIRTUAL_FUNCTIONS = YES;
				GCC_WARN_INITIALIZER_NOT_FULLY_BRACKETED = YES;
				GCC_WARN_NON_VIRTUAL_DESTRUCTOR = YES;
				GCC_WARN_SHADOW = YES;
				GCC_WARN_SIGN_COMPARE = YES;
				GCC_WARN_UNDECLARED_SELECTOR = YES;
				GCC_WARN_UNINITIALIZED_AUTOS = YES_AGGRESSIVE;
				GCC_WARN_UNKNOWN_PRAGMAS = YES;
				GCC_WARN_UNUSED_FUNCTION = YES;
				GCC_WARN_UNUSED_LABEL = YES;
				GCC_WARN_UNUSED_PARAMETER = YES;
				GCC_WARN_UNUSED_VARIABLE = YES;
				LD_WARN_DUPLICATE_LIBRARIES = YES;
				LD_WARN_UNUSED_DYLIBS = YES;
				MACOSX_DEPLOYMENT_TARGET = 10.15;
				ONLY_ACTIVE_ARCH = YES;
				RUN_CLANG_STATIC_ANALYZER = YES;
				SDKROOT = macosx;
			};
			name = Sanitize;
		};
		CE9901CB21456F6C006E5CF5 /* Sanitize */ = {
			isa = XCBuildConfiguration;
			buildSettings = {
				CURRENT_PROJECT_VERSION = "$(MODULE_VERSION)";
				HEADER_SEARCH_PATHS = (
					"$(inherited)",
					"$(PROJECT_DIR)/$(PRODUCT_NAME)",
				);
				INFOPLIST_FILE = NootedRed/Info.plist;
				MACOSX_DEPLOYMENT_TARGET = 10.15;
				MODULE_NAME = org.ChefKiss.NootedRed;
				MODULE_START = "$(PRODUCT_NAME)_kern_start";
				MODULE_STOP = "$(PRODUCT_NAME)_kern_stop";
				MODULE_VERSION = 1.0.0;
				OTHER_LDFLAGS = "-static";
				PRODUCT_BUNDLE_IDENTIFIER = "$(MODULE_NAME)";
				PRODUCT_NAME = "$(TARGET_NAME)";
				WRAPPER_EXTENSION = kext;
			};
			name = Sanitize;
		};
/* End XCBuildConfiguration section */

/* Begin XCConfigurationList section */
		1C748C211C21952C0024EED2 /* Build configuration list for PBXProject "NootedRed" */ = {
			isa = XCConfigurationList;
			buildConfigurations = (
				1C748C2F1C21952C0024EED2 /* Debug */,
				CE9901CA21456F6C006E5CF5 /* Sanitize */,
				1C748C301C21952C0024EED2 /* Release */,
				40CF1EDF2CD644DC0027D039 /* Research Release */,
			);
			defaultConfigurationIsVisible = 0;
			defaultConfigurationName = Release;
		};
		1C748C311C21952C0024EED2 /* Build configuration list for PBXNativeTarget "NootedRed" */ = {
			isa = XCConfigurationList;
			buildConfigurations = (
				1C748C321C21952C0024EED2 /* Debug */,
				CE9901CB21456F6C006E5CF5 /* Sanitize */,
				1C748C331C21952C0024EED2 /* Release */,
				40CF1EE02CD644DC0027D039 /* Research Release */,
			);
			defaultConfigurationIsVisible = 0;
			defaultConfigurationName = Release;
		};
/* End XCConfigurationList section */
	};
	rootObject = 1C748C1E1C21952C0024EED2 /* Project object */;
}
