// !$*UTF8*$!
{
	archiveVersion = 1;
	classes = {
	};
	objectVersion = 54;
	objects = {

/* Begin PBXBuildFile section */
		1C748C2D1C21952C0024EED2 /* Plugin.cpp in Sources */ = {isa = PBXBuildFile; fileRef = 1C748C2C1C21952C0024EED2 /* Plugin.cpp */; };
		400909902E9932F2006EC1EA /* HWMemory.hpp in Headers */ = {isa = PBXBuildFile; fileRef = 4009098F2E9932F2006EC1EA /* HWMemory.hpp */; };
		400909922E9938DB006EC1EA /* HWMemory.cpp in Sources */ = {isa = PBXBuildFile; fileRef = 400909912E9938DB006EC1EA /* HWMemory.cpp */; };
		401075932CDA8746002D1CD7 /* Model.cpp in Sources */ = {isa = PBXBuildFile; fileRef = 401075922CDA8742002D1CD7 /* Model.cpp */; };
		4012096C2CE2FD96006E2812 /* DPCD.hpp in Headers */ = {isa = PBXBuildFile; fileRef = 4012096B2CE2FD96006E2812 /* DPCD.hpp */; };
		4014D9722C74AA7000FDE986 /* ObjectField.hpp in Headers */ = {isa = PBXBuildFile; fileRef = 4014D9712C74AA5F00FDE986 /* ObjectField.hpp */; };
		401B49FF2CF43510002B75A6 /* DebugEnabler.cpp in Sources */ = {isa = PBXBuildFile; fileRef = 401B49FE2CF434FC002B75A6 /* DebugEnabler.cpp */; };
		401B4A022CF43589002B75A6 /* DebugEnabler.hpp in Headers */ = {isa = PBXBuildFile; fileRef = 401B4A012CF43589002B75A6 /* DebugEnabler.hpp */; };
		4030EB382E3818E10070E610 /* AMDGFX9DCNDisplay.cpp in Sources */ = {isa = PBXBuildFile; fileRef = 4030EB372E3818D90070E610 /* AMDGFX9DCNDisplay.cpp */; };
		4030EB3C2E3819080070E610 /* AMDGFX9DCNDisplay.hpp in Headers */ = {isa = PBXBuildFile; fileRef = 4030EB3B2E3819080070E610 /* AMDGFX9DCNDisplay.hpp */; };
		4035DA622CE3BBBB002707B3 /* DCN2.hpp in Headers */ = {isa = PBXBuildFile; fileRef = 408B3DE32CDFA6F300CAE5D2 /* DCN2.hpp */; };
		40364DB629B79DFD0070A2B4 /* Model.hpp in Headers */ = {isa = PBXBuildFile; fileRef = 40364DB529B79DFD0070A2B4 /* Model.hpp */; };
		4039AD362E6CAB2300A693C7 /* TypeName.hpp in Headers */ = {isa = PBXBuildFile; fileRef = 4039AD352E6CAB2300A693C7 /* TypeName.hpp */; };
		40424DB32E6DCD2F004F3BB6 /* HWAlignManager.hpp in Headers */ = {isa = PBXBuildFile; fileRef = 40424DB22E6DCD2F004F3BB6 /* HWAlignManager.hpp */; };
		405430992E6DF75B000AEB46 /* AMDGFX9DCN1Display.cpp in Sources */ = {isa = PBXBuildFile; fileRef = 405430982E6DF75B000AEB46 /* AMDGFX9DCN1Display.cpp */; };
		4054309B2E6DF772000AEB46 /* AMDGFX9DCN2Display.cpp in Sources */ = {isa = PBXBuildFile; fileRef = 4054309A2E6DF772000AEB46 /* AMDGFX9DCN2Display.cpp */; };
		405460892CDBDF6A007865E5 /* AGDP.hpp in Headers */ = {isa = PBXBuildFile; fileRef = 405460882CDBDF58007865E5 /* AGDP.hpp */; };
		4054608C2CDBDF8C007865E5 /* AGDP.cpp in Sources */ = {isa = PBXBuildFile; fileRef = 4054608B2CDBDF89007865E5 /* AGDP.cpp */; };
		4059A1112E6DEB1200F20858 /* DriverInjector.hpp in Headers */ = {isa = PBXBuildFile; fileRef = 4059A1102E6DEB1200F20858 /* DriverInjector.hpp */; };
		4059A1132E6DECA600F20858 /* DriverInjector.cpp in Sources */ = {isa = PBXBuildFile; fileRef = 4059A1122E6DECA600F20858 /* DriverInjector.cpp */; };
		4068898B2A229BF600028D22 /* PatcherPlus.cpp in Sources */ = {isa = PBXBuildFile; fileRef = 406889892A229BF600028D22 /* PatcherPlus.cpp */; };
		4068898C2A229BF600028D22 /* PatcherPlus.hpp in Headers */ = {isa = PBXBuildFile; fileRef = 4068898A2A229BF600028D22 /* PatcherPlus.hpp */; };
		4068B3BA2E97D805007B46BB /* Kexts.cpp in Sources */ = {isa = PBXBuildFile; fileRef = 4068B3B92E97D805007B46BB /* Kexts.cpp */; };
		4068C6792E78A72300E57DE7 /* IsFunction.hpp in Headers */ = {isa = PBXBuildFile; fileRef = 4068C6782E78A72300E57DE7 /* IsFunction.hpp */; };
		4069F00F29C3A241005293B4 /* ATOMBIOS.hpp in Headers */ = {isa = PBXBuildFile; fileRef = 40FC5FCE29BF942900367F9D /* ATOMBIOS.hpp */; };
		407068672E97CD32004E0761 /* Kexts.hpp in Headers */ = {isa = PBXBuildFile; fileRef = 407068662E97CD32004E0761 /* Kexts.hpp */; };
		407905672CF6F323000900FA /* VendorInfo.hpp in Headers */ = {isa = PBXBuildFile; fileRef = 407905662CF6F323000900FA /* VendorInfo.hpp */; };
		4088AFF42E6E099800717265 /* RuntimeMC.cpp in Sources */ = {isa = PBXBuildFile; fileRef = 4088AFF32E6E099800717265 /* RuntimeMC.cpp */; };
		408A33AD2EE0C63600DAC6FD /* DMCU.hpp in Headers */ = {isa = PBXBuildFile; fileRef = 408A33A42EE0C63600DAC6FD /* DMCU.hpp */; };
		408A33AE2EE0C63600DAC6FD /* GC.hpp in Headers */ = {isa = PBXBuildFile; fileRef = 408A33A52EE0C63600DAC6FD /* GC.hpp */; };
		408A33AF2EE0C63600DAC6FD /* IPVersion.hpp in Headers */ = {isa = PBXBuildFile; fileRef = 408A33A62EE0C63600DAC6FD /* IPVersion.hpp */; };
		408A33B02EE0C63600DAC6FD /* SDMA.hpp in Headers */ = {isa = PBXBuildFile; fileRef = 408A33A72EE0C63600DAC6FD /* SDMA.hpp */; };
		408A33B12EE0C63600DAC6FD /* SMU.hpp in Headers */ = {isa = PBXBuildFile; fileRef = 408A33A82EE0C63600DAC6FD /* SMU.hpp */; };
		408A33B22EE0C63600DAC6FD /* COS.hpp in Headers */ = {isa = PBXBuildFile; fileRef = 408A33AA2EE0C63600DAC6FD /* COS.hpp */; };
		408A33B32EE0C63600DAC6FD /* Event.hpp in Headers */ = {isa = PBXBuildFile; fileRef = 408A33AB2EE0C63600DAC6FD /* Event.hpp */; };
		408B3DD42CDFA3D200CAE5D2 /* GoldenSettings.hpp in Headers */ = {isa = PBXBuildFile; fileRef = 408B3DD32CDFA3CC00CAE5D2 /* GoldenSettings.hpp */; };
		408B3DD82CDFA42700CAE5D2 /* GC.hpp in Headers */ = {isa = PBXBuildFile; fileRef = 408B3DD72CDFA42300CAE5D2 /* GC.hpp */; };
		408B3DDA2CDFA42E00CAE5D2 /* SDMA0.hpp in Headers */ = {isa = PBXBuildFile; fileRef = 408B3DD92CDFA42A00CAE5D2 /* SDMA0.hpp */; };
		408B3DDC2CDFA44100CAE5D2 /* RavenIPOffset.hpp in Headers */ = {isa = PBXBuildFile; fileRef = 408B3DDB2CDFA43C00CAE5D2 /* RavenIPOffset.hpp */; };
		408B3DDE2CDFA46B00CAE5D2 /* NBIO.hpp in Headers */ = {isa = PBXBuildFile; fileRef = 408B3DDD2CDFA46800CAE5D2 /* NBIO.hpp */; };
		408B3DE02CDFA60E00CAE5D2 /* SMU.hpp in Headers */ = {isa = PBXBuildFile; fileRef = 408B3DDF2CDFA60900CAE5D2 /* SMU.hpp */; };
		408B3DE22CDFA66F00CAE5D2 /* DCN1.hpp in Headers */ = {isa = PBXBuildFile; fileRef = 408B3DE12CDFA66C00CAE5D2 /* DCN1.hpp */; };
		408B3DE52CDFA77800CAE5D2 /* SMUIO.hpp in Headers */ = {isa = PBXBuildFile; fileRef = 408B3DE42CDFA77100CAE5D2 /* SMUIO.hpp */; };
		408B3DE72CDFA7AC00CAE5D2 /* RavenPPSMC.hpp in Headers */ = {isa = PBXBuildFile; fileRef = 408B3DE62CDFA7A200CAE5D2 /* RavenPPSMC.hpp */; };
		408B3DE92CDFA81200CAE5D2 /* RenoirPPSMC.hpp in Headers */ = {isa = PBXBuildFile; fileRef = 408B3DE82CDFA80B00CAE5D2 /* RenoirPPSMC.hpp */; };
		408B3DEC2CDFB7DE00CAE5D2 /* HWBlock.hpp in Headers */ = {isa = PBXBuildFile; fileRef = 408B3DEB2CDFB7DA00CAE5D2 /* HWBlock.hpp */; };
		408B3DEE2CDFB80700CAE5D2 /* GoldenSettings.hpp in Headers */ = {isa = PBXBuildFile; fileRef = 408B3DED2CDFB80000CAE5D2 /* GoldenSettings.hpp */; };
		408B3DF02CDFB91F00CAE5D2 /* DevCaps.hpp in Headers */ = {isa = PBXBuildFile; fileRef = 408B3DEF2CDFB91800CAE5D2 /* DevCaps.hpp */; };
		408B3DF22CDFB98800CAE5D2 /* Result.hpp in Headers */ = {isa = PBXBuildFile; fileRef = 408B3DF12CDFB98500CAE5D2 /* Result.hpp */; };
		409127542CE2CBC0004DBDB5 /* PSP.hpp in Headers */ = {isa = PBXBuildFile; fileRef = 409127532CE2CBB2004DBDB5 /* PSP.hpp */; };
		409127562CE2CC01004DBDB5 /* ASICCaps.hpp in Headers */ = {isa = PBXBuildFile; fileRef = 409127552CE2CC01004DBDB5 /* ASICCaps.hpp */; };
		409127592CE2EBCD004DBDB5 /* VidMemType.hpp in Headers */ = {isa = PBXBuildFile; fileRef = 409127582CE2EBCD004DBDB5 /* VidMemType.hpp */; };
		409127612CE2EDC6004DBDB5 /* DeviceType.hpp in Headers */ = {isa = PBXBuildFile; fileRef = 409127602CE2EDC6004DBDB5 /* DeviceType.hpp */; };
		409127642CE2F2D2004DBDB5 /* ASICCaps.hpp in Headers */ = {isa = PBXBuildFile; fileRef = 409127632CE2F2D2004DBDB5 /* ASICCaps.hpp */; };
		409127662CE2F2F4004DBDB5 /* PowerPlay.hpp in Headers */ = {isa = PBXBuildFile; fileRef = 409127652CE2F2F4004DBDB5 /* PowerPlay.hpp */; };
		409127682CE2F360004DBDB5 /* DevCaps.hpp in Headers */ = {isa = PBXBuildFile; fileRef = 409127672CE2F360004DBDB5 /* DevCaps.hpp */; };
		4091276A2CE2F5EF004DBDB5 /* AddrLib.hpp in Headers */ = {isa = PBXBuildFile; fileRef = 409127692CE2F5EF004DBDB5 /* AddrLib.hpp */; };
		4091276D2CE2F681004DBDB5 /* SignalTypes.hpp in Headers */ = {isa = PBXBuildFile; fileRef = 4091276C2CE2F681004DBDB5 /* SignalTypes.hpp */; };
		409127702CE2F724004DBDB5 /* Family.hpp in Headers */ = {isa = PBXBuildFile; fileRef = 4091276F2CE2F724004DBDB5 /* Family.hpp */; };
		409127742CE2F7B0004DBDB5 /* SMU.hpp in Headers */ = {isa = PBXBuildFile; fileRef = 409127732CE2F7B0004DBDB5 /* SMU.hpp */; };
		409127792CE2F866004DBDB5 /* HWEngine.hpp in Headers */ = {isa = PBXBuildFile; fileRef = 409127782CE2F866004DBDB5 /* HWEngine.hpp */; };
		4091C15E2E3EE39B004577D5 /* RuntimeVFT.hpp in Headers */ = {isa = PBXBuildFile; fileRef = 4091C15D2E3EE39B004577D5 /* RuntimeVFT.hpp */; };
		4091C1602E3EE453004577D5 /* RuntimeMC.hpp in Headers */ = {isa = PBXBuildFile; fileRef = 4091C15F2E3EE453004577D5 /* RuntimeMC.hpp */; };
		4091C1642E3FE1C2004577D5 /* HWDisplay.hpp in Headers */ = {isa = PBXBuildFile; fileRef = 4091C1632E3FE1BF004577D5 /* HWDisplay.hpp */; };
		4098C7AA2EAE42DA00D9D1E0 /* New.hpp in Headers */ = {isa = PBXBuildFile; fileRef = 4098C7A92EAE42DA00D9D1E0 /* New.hpp */; };
		409B6F982E8ABB320046F619 /* OSSSYS_4.hpp in Headers */ = {isa = PBXBuildFile; fileRef = 409B6F972E8ABB320046F619 /* OSSSYS_4.hpp */; };
		40A02CF82EAE40BD00ECB6DA /* KernelVersion.cpp in Sources */ = {isa = PBXBuildFile; fileRef = 40A02CF72EAE40BD00ECB6DA /* KernelVersion.cpp */; };
		40B037E12E951D2B0060EAD4 /* Attributes.hpp in Headers */ = {isa = PBXBuildFile; fileRef = 40B037E02E951D2B0060EAD4 /* Attributes.hpp */; };
		40B9AEC52E991009000F05ED /* HWInterface.hpp in Headers */ = {isa = PBXBuildFile; fileRef = 40B9AEC42E991009000F05ED /* HWInterface.hpp */; };
		40B9AEC92E9911A6000F05ED /* HWInterface.cpp in Sources */ = {isa = PBXBuildFile; fileRef = 40B9AEC82E9911A6000F05ED /* HWInterface.cpp */; };
		40B9AECC2E991298000F05ED /* HWRegisters.hpp in Headers */ = {isa = PBXBuildFile; fileRef = 40B9AECA2E991298000F05ED /* HWRegisters.hpp */; };
		40B9AECF2E991B1C000F05ED /* HWDisplay.cpp in Sources */ = {isa = PBXBuildFile; fileRef = 40B9AECE2E991B1C000F05ED /* HWDisplay.cpp */; };
		40E812F42CF5A1FB004FDCC7 /* AmdDeviceMemoryManager.hpp in Headers */ = {isa = PBXBuildFile; fileRef = 40E812F32CF5A1FB004FDCC7 /* AmdDeviceMemoryManager.hpp */; };
		40F059742E6DFEE5009E6D2F /* FramebufferInfo.hpp in Headers */ = {isa = PBXBuildFile; fileRef = 40F059732E6DFEE5009E6D2F /* FramebufferInfo.hpp */; };
		40F327B62E9824DE0030C1BD /* KernelVersion.hpp in Headers */ = {isa = PBXBuildFile; fileRef = 40F327B52E9824DE0030C1BD /* KernelVersion.hpp */; };
		40F39FDC2CDD609E007AE975 /* Backlight.hpp in Headers */ = {isa = PBXBuildFile; fileRef = 40F39FDB2CDD6087007AE975 /* Backlight.hpp */; };
		40F39FDE2CDD60A4007AE975 /* Backlight.cpp in Sources */ = {isa = PBXBuildFile; fileRef = 40F39FDD2CDD60A3007AE975 /* Backlight.cpp */; };
		40F39FE02CDE842B007AE975 /* X6000FB.cpp in Sources */ = {isa = PBXBuildFile; fileRef = 40F39FDF2CDE8424007AE975 /* X6000FB.cpp */; };
		40F39FE22CDE864A007AE975 /* X6000FB.hpp in Headers */ = {isa = PBXBuildFile; fileRef = 40F39FE12CDE8643007AE975 /* X6000FB.hpp */; };
		40F46B1B2E6DF50A00B0E9CE /* AMDGFX9DCN2Display.hpp in Headers */ = {isa = PBXBuildFile; fileRef = 40F46B1A2E6DF50A00B0E9CE /* AMDGFX9DCN2Display.hpp */; };
		40F46B1D2E6DF54E00B0E9CE /* AMDGFX9DCN1Display.hpp in Headers */ = {isa = PBXBuildFile; fileRef = 40F46B1C2E6DF54E00B0E9CE /* AMDGFX9DCN1Display.hpp */; };
		40FC5FD529BF995000367F9D /* X6000FB.cpp in Sources */ = {isa = PBXBuildFile; fileRef = 40FC5FD329BF995000367F9D /* X6000FB.cpp */; };
		40FC5FD629BF995000367F9D /* X6000FB.hpp in Headers */ = {isa = PBXBuildFile; fileRef = 40FC5FD429BF995000367F9D /* X6000FB.hpp */; };
		40FC5FD929BF995E00367F9D /* X5000.cpp in Sources */ = {isa = PBXBuildFile; fileRef = 40FC5FD729BF995E00367F9D /* X5000.cpp */; };
		40FC5FDA29BF995E00367F9D /* X5000.hpp in Headers */ = {isa = PBXBuildFile; fileRef = 40FC5FD829BF995E00367F9D /* X5000.hpp */; };
		40FC5FDD29BF996900367F9D /* HWLibs.cpp in Sources */ = {isa = PBXBuildFile; fileRef = 40FC5FDB29BF996900367F9D /* HWLibs.cpp */; };
		40FC5FDE29BF996900367F9D /* HWLibs.hpp in Headers */ = {isa = PBXBuildFile; fileRef = 40FC5FDC29BF996900367F9D /* HWLibs.hpp */; };
		40FD2ACD2E6B6107007C2290 /* EnableIf.hpp in Headers */ = {isa = PBXBuildFile; fileRef = 40FD2ACC2E6B6107007C2290 /* EnableIf.hpp */; };
		40FD2AD02E6B6296007C2290 /* Packet3.hpp in Headers */ = {isa = PBXBuildFile; fileRef = 40FD2ACF2E6B6296007C2290 /* Packet3.hpp */; };
		6C1B36662A407C6100B184DD /* AppleGFXHDA.cpp in Sources */ = {isa = PBXBuildFile; fileRef = 6C1B36642A407C6100B184DD /* AppleGFXHDA.cpp */; };
		6C1B36672A407C6200B184DD /* AppleGFXHDA.hpp in Headers */ = {isa = PBXBuildFile; fileRef = 6C1B36652A407C6100B184DD /* AppleGFXHDA.hpp */; };
		CE405ED91E4A080700AA0B3D /* plugin_start.cpp in Sources */ = {isa = PBXBuildFile; fileRef = CE405ED81E4A080700AA0B3D /* plugin_start.cpp */; };
		CE8DA0832517C41A008C44E8 /* libkmod.a in Frameworks */ = {isa = PBXBuildFile; fileRef = CE8DA0822517C41A008C44E8 /* libkmod.a */; };
		CEA03B5E20EE825A00BA842F /* NRed.cpp in Sources */ = {isa = PBXBuildFile; fileRef = CEA03B5C20EE825A00BA842F /* NRed.cpp */; };
		CEA03B5F20EE825A00BA842F /* NRed.hpp in Headers */ = {isa = PBXBuildFile; fileRef = CEA03B5D20EE825A00BA842F /* NRed.hpp */; };
/* End PBXBuildFile section */

/* Begin PBXFileReference section */
		1C748C271C21952C0024EED2 /* NootedRed.kext */ = {isa = PBXFileReference; explicitFileType = wrapper.cfbundle; includeInIndex = 0; path = NootedRed.kext; sourceTree = BUILT_PRODUCTS_DIR; };
		1C748C2C1C21952C0024EED2 /* Plugin.cpp */ = {isa = PBXFileReference; lastKnownFileType = sourcecode.cpp.cpp; path = Plugin.cpp; sourceTree = "<group>"; };
		1C748C2E1C21952C0024EED2 /* Info.plist */ = {isa = PBXFileReference; lastKnownFileType = text.plist.xml; path = Info.plist; sourceTree = "<group>"; };
		4009098F2E9932F2006EC1EA /* HWMemory.hpp */ = {isa = PBXFileReference; lastKnownFileType = sourcecode.cpp.h; path = HWMemory.hpp; sourceTree = "<group>"; };
		400909912E9938DB006EC1EA /* HWMemory.cpp */ = {isa = PBXFileReference; lastKnownFileType = sourcecode.cpp.cpp; path = HWMemory.cpp; sourceTree = "<group>"; };
		401075922CDA8742002D1CD7 /* Model.cpp */ = {isa = PBXFileReference; lastKnownFileType = sourcecode.cpp.cpp; path = Model.cpp; sourceTree = "<group>"; };
		4012096B2CE2FD96006E2812 /* DPCD.hpp */ = {isa = PBXFileReference; lastKnownFileType = sourcecode.cpp.h; path = DPCD.hpp; sourceTree = "<group>"; };
		4014D9712C74AA5F00FDE986 /* ObjectField.hpp */ = {isa = PBXFileReference; lastKnownFileType = sourcecode.cpp.h; path = ObjectField.hpp; sourceTree = "<group>"; };
		401B49FE2CF434FC002B75A6 /* DebugEnabler.cpp */ = {isa = PBXFileReference; lastKnownFileType = sourcecode.cpp.cpp; path = DebugEnabler.cpp; sourceTree = "<group>"; };
		401B4A012CF43589002B75A6 /* DebugEnabler.hpp */ = {isa = PBXFileReference; lastKnownFileType = sourcecode.cpp.h; path = DebugEnabler.hpp; sourceTree = "<group>"; };
		4030EAF62E37E1D90070E610 /* atidmcub_rn.dat */ = {isa = PBXFileReference; lastKnownFileType = file; path = atidmcub_rn.dat; sourceTree = "<group>"; };
		4030EAF72E37E1D90070E610 /* ativvaxy_nv.dat */ = {isa = PBXFileReference; lastKnownFileType = file; path = ativvaxy_nv.dat; sourceTree = "<group>"; };
		4030EAF82E37E1D90070E610 /* ativvaxy_rv.dat */ = {isa = PBXFileReference; lastKnownFileType = file; path = ativvaxy_rv.dat; sourceTree = "<group>"; };
		4030EAF92E37E1D90070E610 /* com.apple.driver.AppleGFXHDA.xml */ = {isa = PBXFileReference; lastKnownFileType = text.xml; path = com.apple.driver.AppleGFXHDA.xml; sourceTree = "<group>"; };
		4030EAFA2E37E1D90070E610 /* com.apple.kext.AMDRadeonX5000.xml */ = {isa = PBXFileReference; lastKnownFileType = text.xml; path = com.apple.kext.AMDRadeonX5000.xml; sourceTree = "<group>"; };
		4030EAFB2E37E1D90070E610 /* com.apple.kext.AMDRadeonX5000HWServices.xml */ = {isa = PBXFileReference; lastKnownFileType = text.xml; path = com.apple.kext.AMDRadeonX5000HWServices.xml; sourceTree = "<group>"; };
		4030EAFD2E37E1D90070E610 /* com.apple.kext.AMDRadeonX6000Framebuffer.xml */ = {isa = PBXFileReference; lastKnownFileType = text.xml; path = com.apple.kext.AMDRadeonX6000Framebuffer.xml; sourceTree = "<group>"; };
		4030EAFE2E37E1D90070E610 /* dmcu_eram_dcn10_abm_2_1.bin */ = {isa = PBXFileReference; lastKnownFileType = archive.macbinary; path = dmcu_eram_dcn10_abm_2_1.bin; sourceTree = "<group>"; };
		4030EAFF2E37E1D90070E610 /* dmcu_eram_dcn10_abm_2_2.bin */ = {isa = PBXFileReference; lastKnownFileType = archive.macbinary; path = dmcu_eram_dcn10_abm_2_2.bin; sourceTree = "<group>"; };
		4030EB002E37E1D90070E610 /* dmcu_eram_dcn10_abm_2_3.bin */ = {isa = PBXFileReference; lastKnownFileType = archive.macbinary; path = dmcu_eram_dcn10_abm_2_3.bin; sourceTree = "<group>"; };
		4030EB012E37E1D90070E610 /* dmcu_eram_dcn21_abm_2_1.bin */ = {isa = PBXFileReference; lastKnownFileType = archive.macbinary; path = dmcu_eram_dcn21_abm_2_1.bin; sourceTree = "<group>"; };
		4030EB022E37E1D90070E610 /* dmcu_eram_dcn21_abm_2_2.bin */ = {isa = PBXFileReference; lastKnownFileType = archive.macbinary; path = dmcu_eram_dcn21_abm_2_2.bin; sourceTree = "<group>"; };
		4030EB032E37E1D90070E610 /* dmcu_eram_dcn21_abm_2_3.bin */ = {isa = PBXFileReference; lastKnownFileType = archive.macbinary; path = dmcu_eram_dcn21_abm_2_3.bin; sourceTree = "<group>"; };
		4030EB042E37E1D90070E610 /* dmcu_eram_dcn21_abm_2_4.bin */ = {isa = PBXFileReference; lastKnownFileType = archive.macbinary; path = dmcu_eram_dcn21_abm_2_4.bin; sourceTree = "<group>"; };
		4030EB052E37E1D90070E610 /* dmcu_intvectors_dcn10_abm_2_1.bin */ = {isa = PBXFileReference; lastKnownFileType = archive.macbinary; path = dmcu_intvectors_dcn10_abm_2_1.bin; sourceTree = "<group>"; };
		4030EB062E37E1D90070E610 /* dmcu_intvectors_dcn10_abm_2_2.bin */ = {isa = PBXFileReference; lastKnownFileType = archive.macbinary; path = dmcu_intvectors_dcn10_abm_2_2.bin; sourceTree = "<group>"; };
		4030EB072E37E1D90070E610 /* dmcu_intvectors_dcn10_abm_2_3.bin */ = {isa = PBXFileReference; lastKnownFileType = archive.macbinary; path = dmcu_intvectors_dcn10_abm_2_3.bin; sourceTree = "<group>"; };
		4030EB082E37E1D90070E610 /* dmcu_intvectors_dcn21_abm_2_1.bin */ = {isa = PBXFileReference; lastKnownFileType = archive.macbinary; path = dmcu_intvectors_dcn21_abm_2_1.bin; sourceTree = "<group>"; };
		4030EB092E37E1D90070E610 /* dmcu_intvectors_dcn21_abm_2_2.bin */ = {isa = PBXFileReference; lastKnownFileType = archive.macbinary; path = dmcu_intvectors_dcn21_abm_2_2.bin; sourceTree = "<group>"; };
		4030EB0A2E37E1D90070E610 /* dmcu_intvectors_dcn21_abm_2_3.bin */ = {isa = PBXFileReference; lastKnownFileType = archive.macbinary; path = dmcu_intvectors_dcn21_abm_2_3.bin; sourceTree = "<group>"; };
		4030EB0B2E37E1D90070E610 /* dmcu_intvectors_dcn21_abm_2_4.bin */ = {isa = PBXFileReference; lastKnownFileType = archive.macbinary; path = dmcu_intvectors_dcn21_abm_2_4.bin; sourceTree = "<group>"; };
		4030EB0C2E37E1D90070E610 /* gc_9_1_ce_ucode.bin */ = {isa = PBXFileReference; lastKnownFileType = archive.macbinary; path = gc_9_1_ce_ucode.bin; sourceTree = "<group>"; };
		4030EB0D2E37E1D90070E610 /* gc_9_1_me_ucode.bin */ = {isa = PBXFileReference; lastKnownFileType = archive.macbinary; path = gc_9_1_me_ucode.bin; sourceTree = "<group>"; };
		4030EB0E2E37E1D90070E610 /* gc_9_1_mec_jt_ucode.bin */ = {isa = PBXFileReference; lastKnownFileType = archive.macbinary; path = gc_9_1_mec_jt_ucode.bin; sourceTree = "<group>"; };
		4030EB0F2E37E1D90070E610 /* gc_9_1_mec_ucode.bin */ = {isa = PBXFileReference; lastKnownFileType = archive.macbinary; path = gc_9_1_mec_ucode.bin; sourceTree = "<group>"; };
		4030EB102E37E1D90070E610 /* gc_9_1_pfp_ucode.bin */ = {isa = PBXFileReference; lastKnownFileType = archive.macbinary; path = gc_9_1_pfp_ucode.bin; sourceTree = "<group>"; };
		4030EB112E37E1D90070E610 /* gc_9_1_rlc_srlist_cntl.bin */ = {isa = PBXFileReference; lastKnownFileType = archive.macbinary; path = gc_9_1_rlc_srlist_cntl.bin; sourceTree = "<group>"; };
		4030EB122E37E1D90070E610 /* gc_9_1_rlc_srlist_gpm_mem.bin */ = {isa = PBXFileReference; lastKnownFileType = archive.macbinary; path = gc_9_1_rlc_srlist_gpm_mem.bin; sourceTree = "<group>"; };
		4030EB132E37E1D90070E610 /* gc_9_1_rlc_srlist_srm_mem.bin */ = {isa = PBXFileReference; lastKnownFileType = archive.macbinary; path = gc_9_1_rlc_srlist_srm_mem.bin; sourceTree = "<group>"; };
		4030EB142E37E1D90070E610 /* gc_9_1_rlc_ucode.bin */ = {isa = PBXFileReference; lastKnownFileType = archive.macbinary; path = gc_9_1_rlc_ucode.bin; sourceTree = "<group>"; };
		4030EB152E37E1D90070E610 /* gc_9_1_rlc_ucode_a0.bin */ = {isa = PBXFileReference; lastKnownFileType = archive.macbinary; path = gc_9_1_rlc_ucode_a0.bin; sourceTree = "<group>"; };
		4030EB162E37E1D90070E610 /* gc_9_1_rlcv_ucode.bin */ = {isa = PBXFileReference; lastKnownFileType = archive.macbinary; path = gc_9_1_rlcv_ucode.bin; sourceTree = "<group>"; };
		4030EB172E37E1D90070E610 /* gc_9_2_ce_ucode.bin */ = {isa = PBXFileReference; lastKnownFileType = archive.macbinary; path = gc_9_2_ce_ucode.bin; sourceTree = "<group>"; };
		4030EB182E37E1D90070E610 /* gc_9_2_me_ucode.bin */ = {isa = PBXFileReference; lastKnownFileType = archive.macbinary; path = gc_9_2_me_ucode.bin; sourceTree = "<group>"; };
		4030EB192E37E1D90070E610 /* gc_9_2_mec_jt_ucode.bin */ = {isa = PBXFileReference; lastKnownFileType = archive.macbinary; path = gc_9_2_mec_jt_ucode.bin; sourceTree = "<group>"; };
		4030EB1A2E37E1D90070E610 /* gc_9_2_mec_ucode.bin */ = {isa = PBXFileReference; lastKnownFileType = archive.macbinary; path = gc_9_2_mec_ucode.bin; sourceTree = "<group>"; };
		4030EB1B2E37E1D90070E610 /* gc_9_2_pfp_ucode.bin */ = {isa = PBXFileReference; lastKnownFileType = archive.macbinary; path = gc_9_2_pfp_ucode.bin; sourceTree = "<group>"; };
		4030EB1C2E37E1D90070E610 /* gc_9_2_rlc_srlist_cntl.bin */ = {isa = PBXFileReference; lastKnownFileType = archive.macbinary; path = gc_9_2_rlc_srlist_cntl.bin; sourceTree = "<group>"; };
		4030EB1D2E37E1D90070E610 /* gc_9_2_rlc_srlist_gpm_mem.bin */ = {isa = PBXFileReference; lastKnownFileType = archive.macbinary; path = gc_9_2_rlc_srlist_gpm_mem.bin; sourceTree = "<group>"; };
		4030EB1E2E37E1D90070E610 /* gc_9_2_rlc_srlist_srm_mem.bin */ = {isa = PBXFileReference; lastKnownFileType = archive.macbinary; path = gc_9_2_rlc_srlist_srm_mem.bin; sourceTree = "<group>"; };
		4030EB1F2E37E1D90070E610 /* gc_9_2_rlc_ucode.bin */ = {isa = PBXFileReference; lastKnownFileType = archive.macbinary; path = gc_9_2_rlc_ucode.bin; sourceTree = "<group>"; };
		4030EB212E37E1D90070E610 /* gc_9_2_rlcv_ucode.bin */ = {isa = PBXFileReference; lastKnownFileType = archive.macbinary; path = gc_9_2_rlcv_ucode.bin; sourceTree = "<group>"; };
		4030EB222E37E1D90070E610 /* gc_9_3_ce_ucode.bin */ = {isa = PBXFileReference; lastKnownFileType = archive.macbinary; path = gc_9_3_ce_ucode.bin; sourceTree = "<group>"; };
		4030EB232E37E1D90070E610 /* gc_9_3_me_ucode.bin */ = {isa = PBXFileReference; lastKnownFileType = archive.macbinary; path = gc_9_3_me_ucode.bin; sourceTree = "<group>"; };
		4030EB242E37E1D90070E610 /* gc_9_3_mec_jt_ucode.bin */ = {isa = PBXFileReference; lastKnownFileType = archive.macbinary; path = gc_9_3_mec_jt_ucode.bin; sourceTree = "<group>"; };
		4030EB252E37E1D90070E610 /* gc_9_3_mec_ucode.bin */ = {isa = PBXFileReference; lastKnownFileType = archive.macbinary; path = gc_9_3_mec_ucode.bin; sourceTree = "<group>"; };
		4030EB262E37E1D90070E610 /* gc_9_3_pfp_ucode.bin */ = {isa = PBXFileReference; lastKnownFileType = archive.macbinary; path = gc_9_3_pfp_ucode.bin; sourceTree = "<group>"; };
		4030EB272E37E1D90070E610 /* gc_9_3_rlc_srlist_cntl.bin */ = {isa = PBXFileReference; lastKnownFileType = archive.macbinary; path = gc_9_3_rlc_srlist_cntl.bin; sourceTree = "<group>"; };
		4030EB282E37E1D90070E610 /* gc_9_3_rlc_srlist_gpm_mem.bin */ = {isa = PBXFileReference; lastKnownFileType = archive.macbinary; path = gc_9_3_rlc_srlist_gpm_mem.bin; sourceTree = "<group>"; };
		4030EB292E37E1D90070E610 /* gc_9_3_rlc_srlist_srm_mem.bin */ = {isa = PBXFileReference; lastKnownFileType = archive.macbinary; path = gc_9_3_rlc_srlist_srm_mem.bin; sourceTree = "<group>"; };
		4030EB2A2E37E1D90070E610 /* gc_9_3_rlc_ucode.bin */ = {isa = PBXFileReference; lastKnownFileType = archive.macbinary; path = gc_9_3_rlc_ucode.bin; sourceTree = "<group>"; };
		4030EB2B2E37E1D90070E610 /* LICENSE */ = {isa = PBXFileReference; lastKnownFileType = text; path = LICENSE; sourceTree = "<group>"; };
		4030EB2D2E37E1D90070E610 /* psp_asd.bin */ = {isa = PBXFileReference; lastKnownFileType = archive.macbinary; path = psp_asd.bin; sourceTree = "<group>"; };
		4030EB2E2E37E1D90070E610 /* psp_auc.bin */ = {isa = PBXFileReference; lastKnownFileType = archive.macbinary; path = psp_auc.bin; sourceTree = "<group>"; };
		4030EB2F2E37E1D90070E610 /* psp_dtm.bin */ = {isa = PBXFileReference; lastKnownFileType = archive.macbinary; path = psp_dtm.bin; sourceTree = "<group>"; };
		4030EB302E37E1D90070E610 /* psp_fp.bin */ = {isa = PBXFileReference; lastKnownFileType = archive.macbinary; path = psp_fp.bin; sourceTree = "<group>"; };
		4030EB312E37E1D90070E610 /* psp_hdcp.bin */ = {isa = PBXFileReference; lastKnownFileType = archive.macbinary; path = psp_hdcp.bin; sourceTree = "<group>"; };
		4030EB352E37E1D90070E610 /* sdma_4_1_ucode.bin */ = {isa = PBXFileReference; lastKnownFileType = archive.macbinary; path = sdma_4_1_ucode.bin; sourceTree = "<group>"; };
		4030EB372E3818D90070E610 /* AMDGFX9DCNDisplay.cpp */ = {isa = PBXFileReference; lastKnownFileType = sourcecode.cpp.cpp; path = AMDGFX9DCNDisplay.cpp; sourceTree = "<group>"; };
		4030EB3B2E3819080070E610 /* AMDGFX9DCNDisplay.hpp */ = {isa = PBXFileReference; lastKnownFileType = sourcecode.cpp.h; path = AMDGFX9DCNDisplay.hpp; sourceTree = "<group>"; };
		40364DB529B79DFD0070A2B4 /* Model.hpp */ = {isa = PBXFileReference; lastKnownFileType = sourcecode.cpp.h; path = Model.hpp; sourceTree = "<group>"; };
		4039AD352E6CAB2300A693C7 /* TypeName.hpp */ = {isa = PBXFileReference; lastKnownFileType = sourcecode.cpp.h; path = TypeName.hpp; sourceTree = "<group>"; };
		40424DB22E6DCD2F004F3BB6 /* HWAlignManager.hpp */ = {isa = PBXFileReference; lastKnownFileType = sourcecode.cpp.h; path = HWAlignManager.hpp; sourceTree = "<group>"; };
		405430982E6DF75B000AEB46 /* AMDGFX9DCN1Display.cpp */ = {isa = PBXFileReference; lastKnownFileType = sourcecode.cpp.cpp; path = AMDGFX9DCN1Display.cpp; sourceTree = "<group>"; };
		4054309A2E6DF772000AEB46 /* AMDGFX9DCN2Display.cpp */ = {isa = PBXFileReference; lastKnownFileType = sourcecode.cpp.cpp; path = AMDGFX9DCN2Display.cpp; sourceTree = "<group>"; };
		405460882CDBDF58007865E5 /* AGDP.hpp */ = {isa = PBXFileReference; lastKnownFileType = sourcecode.cpp.h; path = AGDP.hpp; sourceTree = "<group>"; };
		4054608B2CDBDF89007865E5 /* AGDP.cpp */ = {isa = PBXFileReference; lastKnownFileType = sourcecode.cpp.cpp; path = AGDP.cpp; sourceTree = "<group>"; };
		4059A1102E6DEB1200F20858 /* DriverInjector.hpp */ = {isa = PBXFileReference; lastKnownFileType = sourcecode.cpp.h; path = DriverInjector.hpp; sourceTree = "<group>"; };
		4059A1122E6DECA600F20858 /* DriverInjector.cpp */ = {isa = PBXFileReference; lastKnownFileType = sourcecode.cpp.cpp; path = DriverInjector.cpp; sourceTree = "<group>"; };
		406889892A229BF600028D22 /* PatcherPlus.cpp */ = {isa = PBXFileReference; lastKnownFileType = sourcecode.cpp.cpp; path = PatcherPlus.cpp; sourceTree = "<group>"; };
		4068898A2A229BF600028D22 /* PatcherPlus.hpp */ = {isa = PBXFileReference; lastKnownFileType = sourcecode.cpp.h; path = PatcherPlus.hpp; sourceTree = "<group>"; };
		4068B3B92E97D805007B46BB /* Kexts.cpp */ = {isa = PBXFileReference; lastKnownFileType = sourcecode.cpp.cpp; path = Kexts.cpp; sourceTree = "<group>"; };
		4068C6782E78A72300E57DE7 /* IsFunction.hpp */ = {isa = PBXFileReference; lastKnownFileType = sourcecode.cpp.h; path = IsFunction.hpp; sourceTree = "<group>"; };
		407068662E97CD32004E0761 /* Kexts.hpp */ = {isa = PBXFileReference; lastKnownFileType = sourcecode.cpp.h; path = Kexts.hpp; sourceTree = "<group>"; };
		407905662CF6F323000900FA /* VendorInfo.hpp */ = {isa = PBXFileReference; lastKnownFileType = sourcecode.cpp.h; path = VendorInfo.hpp; sourceTree = "<group>"; };
		4088AFF32E6E099800717265 /* RuntimeMC.cpp */ = {isa = PBXFileReference; lastKnownFileType = sourcecode.cpp.cpp; path = RuntimeMC.cpp; sourceTree = "<group>"; };
		408A33A42EE0C63600DAC6FD /* DMCU.hpp */ = {isa = PBXFileReference; lastKnownFileType = sourcecode.cpp.h; path = DMCU.hpp; sourceTree = "<group>"; };
		408A33A52EE0C63600DAC6FD /* GC.hpp */ = {isa = PBXFileReference; lastKnownFileType = sourcecode.cpp.h; path = GC.hpp; sourceTree = "<group>"; };
		408A33A62EE0C63600DAC6FD /* IPVersion.hpp */ = {isa = PBXFileReference; lastKnownFileType = sourcecode.cpp.h; path = IPVersion.hpp; sourceTree = "<group>"; };
		408A33A72EE0C63600DAC6FD /* SDMA.hpp */ = {isa = PBXFileReference; lastKnownFileType = sourcecode.cpp.h; path = SDMA.hpp; sourceTree = "<group>"; };
		408A33A82EE0C63600DAC6FD /* SMU.hpp */ = {isa = PBXFileReference; lastKnownFileType = sourcecode.cpp.h; path = SMU.hpp; sourceTree = "<group>"; };
		408A33AA2EE0C63600DAC6FD /* COS.hpp */ = {isa = PBXFileReference; lastKnownFileType = sourcecode.cpp.h; path = COS.hpp; sourceTree = "<group>"; };
		408A33AB2EE0C63600DAC6FD /* Event.hpp */ = {isa = PBXFileReference; lastKnownFileType = sourcecode.cpp.h; path = Event.hpp; sourceTree = "<group>"; };
		408B3DD32CDFA3CC00CAE5D2 /* GoldenSettings.hpp */ = {isa = PBXFileReference; lastKnownFileType = sourcecode.cpp.h; path = GoldenSettings.hpp; sourceTree = "<group>"; };
		408B3DD72CDFA42300CAE5D2 /* GC.hpp */ = {isa = PBXFileReference; lastKnownFileType = sourcecode.cpp.h; path = GC.hpp; sourceTree = "<group>"; };
		408B3DD92CDFA42A00CAE5D2 /* SDMA0.hpp */ = {isa = PBXFileReference; lastKnownFileType = sourcecode.cpp.h; path = SDMA0.hpp; sourceTree = "<group>"; };
		408B3DDB2CDFA43C00CAE5D2 /* RavenIPOffset.hpp */ = {isa = PBXFileReference; lastKnownFileType = sourcecode.cpp.h; path = RavenIPOffset.hpp; sourceTree = "<group>"; };
		408B3DDD2CDFA46800CAE5D2 /* NBIO.hpp */ = {isa = PBXFileReference; lastKnownFileType = sourcecode.cpp.h; path = NBIO.hpp; sourceTree = "<group>"; };
		408B3DDF2CDFA60900CAE5D2 /* SMU.hpp */ = {isa = PBXFileReference; lastKnownFileType = sourcecode.cpp.h; path = SMU.hpp; sourceTree = "<group>"; };
		408B3DE12CDFA66C00CAE5D2 /* DCN1.hpp */ = {isa = PBXFileReference; lastKnownFileType = sourcecode.cpp.h; path = DCN1.hpp; sourceTree = "<group>"; };
		408B3DE32CDFA6F300CAE5D2 /* DCN2.hpp */ = {isa = PBXFileReference; lastKnownFileType = sourcecode.cpp.h; path = DCN2.hpp; sourceTree = "<group>"; };
		408B3DE42CDFA77100CAE5D2 /* SMUIO.hpp */ = {isa = PBXFileReference; lastKnownFileType = sourcecode.cpp.h; path = SMUIO.hpp; sourceTree = "<group>"; };
		408B3DE62CDFA7A200CAE5D2 /* RavenPPSMC.hpp */ = {isa = PBXFileReference; lastKnownFileType = sourcecode.cpp.h; path = RavenPPSMC.hpp; sourceTree = "<group>"; };
		408B3DE82CDFA80B00CAE5D2 /* RenoirPPSMC.hpp */ = {isa = PBXFileReference; lastKnownFileType = sourcecode.cpp.h; path = RenoirPPSMC.hpp; sourceTree = "<group>"; };
		408B3DEB2CDFB7DA00CAE5D2 /* HWBlock.hpp */ = {isa = PBXFileReference; lastKnownFileType = sourcecode.cpp.h; path = HWBlock.hpp; sourceTree = "<group>"; };
		408B3DED2CDFB80000CAE5D2 /* GoldenSettings.hpp */ = {isa = PBXFileReference; lastKnownFileType = sourcecode.cpp.h; path = GoldenSettings.hpp; sourceTree = "<group>"; };
		408B3DEF2CDFB91800CAE5D2 /* DevCaps.hpp */ = {isa = PBXFileReference; lastKnownFileType = sourcecode.cpp.h; path = DevCaps.hpp; sourceTree = "<group>"; };
		408B3DF12CDFB98500CAE5D2 /* Result.hpp */ = {isa = PBXFileReference; lastKnownFileType = sourcecode.cpp.h; path = Result.hpp; sourceTree = "<group>"; };
		409127532CE2CBB2004DBDB5 /* PSP.hpp */ = {isa = PBXFileReference; lastKnownFileType = sourcecode.cpp.h; path = PSP.hpp; sourceTree = "<group>"; };
		409127552CE2CC01004DBDB5 /* ASICCaps.hpp */ = {isa = PBXFileReference; lastKnownFileType = sourcecode.cpp.h; path = ASICCaps.hpp; sourceTree = "<group>"; };
		409127582CE2EBCD004DBDB5 /* VidMemType.hpp */ = {isa = PBXFileReference; lastKnownFileType = sourcecode.cpp.h; path = VidMemType.hpp; sourceTree = "<group>"; };
		409127602CE2EDC6004DBDB5 /* DeviceType.hpp */ = {isa = PBXFileReference; lastKnownFileType = sourcecode.cpp.h; path = DeviceType.hpp; sourceTree = "<group>"; };
		409127632CE2F2D2004DBDB5 /* ASICCaps.hpp */ = {isa = PBXFileReference; lastKnownFileType = sourcecode.cpp.h; path = ASICCaps.hpp; sourceTree = "<group>"; };
		409127652CE2F2F4004DBDB5 /* PowerPlay.hpp */ = {isa = PBXFileReference; lastKnownFileType = sourcecode.cpp.h; path = PowerPlay.hpp; sourceTree = "<group>"; };
		409127672CE2F360004DBDB5 /* DevCaps.hpp */ = {isa = PBXFileReference; lastKnownFileType = sourcecode.cpp.h; path = DevCaps.hpp; sourceTree = "<group>"; };
		409127692CE2F5EF004DBDB5 /* AddrLib.hpp */ = {isa = PBXFileReference; lastKnownFileType = sourcecode.cpp.h; path = AddrLib.hpp; sourceTree = "<group>"; };
		4091276C2CE2F681004DBDB5 /* SignalTypes.hpp */ = {isa = PBXFileReference; lastKnownFileType = sourcecode.cpp.h; path = SignalTypes.hpp; sourceTree = "<group>"; };
		4091276F2CE2F724004DBDB5 /* Family.hpp */ = {isa = PBXFileReference; lastKnownFileType = sourcecode.cpp.h; path = Family.hpp; sourceTree = "<group>"; };
		409127732CE2F7B0004DBDB5 /* SMU.hpp */ = {isa = PBXFileReference; lastKnownFileType = sourcecode.cpp.h; path = SMU.hpp; sourceTree = "<group>"; };
		409127782CE2F866004DBDB5 /* HWEngine.hpp */ = {isa = PBXFileReference; lastKnownFileType = sourcecode.cpp.h; path = HWEngine.hpp; sourceTree = "<group>"; };
		4091C15D2E3EE39B004577D5 /* RuntimeVFT.hpp */ = {isa = PBXFileReference; lastKnownFileType = sourcecode.cpp.h; path = RuntimeVFT.hpp; sourceTree = "<group>"; };
		4091C15F2E3EE453004577D5 /* RuntimeMC.hpp */ = {isa = PBXFileReference; lastKnownFileType = sourcecode.cpp.h; path = RuntimeMC.hpp; sourceTree = "<group>"; };
		4091C1632E3FE1BF004577D5 /* HWDisplay.hpp */ = {isa = PBXFileReference; lastKnownFileType = sourcecode.cpp.h; path = HWDisplay.hpp; sourceTree = "<group>"; };
		4098C7A92EAE42DA00D9D1E0 /* New.hpp */ = {isa = PBXFileReference; lastKnownFileType = sourcecode.cpp.h; path = New.hpp; sourceTree = "<group>"; };
		409B6F972E8ABB320046F619 /* OSSSYS_4.hpp */ = {isa = PBXFileReference; lastKnownFileType = sourcecode.cpp.h; path = OSSSYS_4.hpp; sourceTree = "<group>"; };
		40A02CF72EAE40BD00ECB6DA /* KernelVersion.cpp */ = {isa = PBXFileReference; lastKnownFileType = sourcecode.cpp.cpp; path = KernelVersion.cpp; sourceTree = "<group>"; };
		40B037E02E951D2B0060EAD4 /* Attributes.hpp */ = {isa = PBXFileReference; lastKnownFileType = sourcecode.cpp.h; path = Attributes.hpp; sourceTree = "<group>"; };
		40B9AEC42E991009000F05ED /* HWInterface.hpp */ = {isa = PBXFileReference; lastKnownFileType = sourcecode.cpp.h; path = HWInterface.hpp; sourceTree = "<group>"; };
		40B9AEC82E9911A6000F05ED /* HWInterface.cpp */ = {isa = PBXFileReference; lastKnownFileType = sourcecode.cpp.cpp; path = HWInterface.cpp; sourceTree = "<group>"; };
		40B9AECA2E991298000F05ED /* HWRegisters.hpp */ = {isa = PBXFileReference; lastKnownFileType = sourcecode.cpp.h; path = HWRegisters.hpp; sourceTree = "<group>"; };
		40B9AECE2E991B1C000F05ED /* HWDisplay.cpp */ = {isa = PBXFileReference; lastKnownFileType = sourcecode.cpp.cpp; path = HWDisplay.cpp; sourceTree = "<group>"; };
		40E812F32CF5A1FB004FDCC7 /* AmdDeviceMemoryManager.hpp */ = {isa = PBXFileReference; lastKnownFileType = sourcecode.cpp.h; path = AmdDeviceMemoryManager.hpp; sourceTree = "<group>"; };
		40F059732E6DFEE5009E6D2F /* FramebufferInfo.hpp */ = {isa = PBXFileReference; lastKnownFileType = sourcecode.cpp.h; path = FramebufferInfo.hpp; sourceTree = "<group>"; };
		40F327B52E9824DE0030C1BD /* KernelVersion.hpp */ = {isa = PBXFileReference; lastKnownFileType = sourcecode.cpp.h; path = KernelVersion.hpp; sourceTree = "<group>"; };
		40F39FDB2CDD6087007AE975 /* Backlight.hpp */ = {isa = PBXFileReference; lastKnownFileType = sourcecode.cpp.h; path = Backlight.hpp; sourceTree = "<group>"; };
		40F39FDD2CDD60A3007AE975 /* Backlight.cpp */ = {isa = PBXFileReference; lastKnownFileType = sourcecode.cpp.cpp; path = Backlight.cpp; sourceTree = "<group>"; };
		40F39FDF2CDE8424007AE975 /* X6000FB.cpp */ = {isa = PBXFileReference; lastKnownFileType = sourcecode.cpp.cpp; path = X6000FB.cpp; sourceTree = "<group>"; };
		40F39FE12CDE8643007AE975 /* X6000FB.hpp */ = {isa = PBXFileReference; lastKnownFileType = sourcecode.cpp.h; path = X6000FB.hpp; sourceTree = "<group>"; };
		40F46B1A2E6DF50A00B0E9CE /* AMDGFX9DCN2Display.hpp */ = {isa = PBXFileReference; lastKnownFileType = sourcecode.cpp.h; path = AMDGFX9DCN2Display.hpp; sourceTree = "<group>"; };
		40F46B1C2E6DF54E00B0E9CE /* AMDGFX9DCN1Display.hpp */ = {isa = PBXFileReference; lastKnownFileType = sourcecode.cpp.h; path = AMDGFX9DCN1Display.hpp; sourceTree = "<group>"; };
		40FC5FCE29BF942900367F9D /* ATOMBIOS.hpp */ = {isa = PBXFileReference; lastKnownFileType = sourcecode.cpp.h; path = ATOMBIOS.hpp; sourceTree = "<group>"; };
		40FC5FD329BF995000367F9D /* X6000FB.cpp */ = {isa = PBXFileReference; lastKnownFileType = sourcecode.cpp.cpp; path = X6000FB.cpp; sourceTree = "<group>"; };
		40FC5FD429BF995000367F9D /* X6000FB.hpp */ = {isa = PBXFileReference; lastKnownFileType = sourcecode.cpp.h; path = X6000FB.hpp; sourceTree = "<group>"; };
		40FC5FD729BF995E00367F9D /* X5000.cpp */ = {isa = PBXFileReference; lastKnownFileType = sourcecode.cpp.cpp; path = X5000.cpp; sourceTree = "<group>"; };
		40FC5FD829BF995E00367F9D /* X5000.hpp */ = {isa = PBXFileReference; lastKnownFileType = sourcecode.cpp.h; path = X5000.hpp; sourceTree = "<group>"; };
		40FC5FDB29BF996900367F9D /* HWLibs.cpp */ = {isa = PBXFileReference; lastKnownFileType = sourcecode.cpp.cpp; path = HWLibs.cpp; sourceTree = "<group>"; };
		40FC5FDC29BF996900367F9D /* HWLibs.hpp */ = {isa = PBXFileReference; lastKnownFileType = sourcecode.cpp.h; path = HWLibs.hpp; sourceTree = "<group>"; };
		40FD2ACC2E6B6107007C2290 /* EnableIf.hpp */ = {isa = PBXFileReference; lastKnownFileType = sourcecode.cpp.h; path = EnableIf.hpp; sourceTree = "<group>"; };
		40FD2ACF2E6B6296007C2290 /* Packet3.hpp */ = {isa = PBXFileReference; lastKnownFileType = sourcecode.cpp.h; path = Packet3.hpp; sourceTree = "<group>"; };
		6C1B36642A407C6100B184DD /* AppleGFXHDA.cpp */ = {isa = PBXFileReference; lastKnownFileType = sourcecode.cpp.cpp; path = AppleGFXHDA.cpp; sourceTree = "<group>"; };
		6C1B36652A407C6100B184DD /* AppleGFXHDA.hpp */ = {isa = PBXFileReference; lastKnownFileType = sourcecode.cpp.h; path = AppleGFXHDA.hpp; sourceTree = "<group>"; };
		CE405ED81E4A080700AA0B3D /* plugin_start.cpp */ = {isa = PBXFileReference; fileEncoding = 4; lastKnownFileType = sourcecode.cpp.cpp; path = plugin_start.cpp; sourceTree = "<group>"; };
		CE8DA0822517C41A008C44E8 /* libkmod.a */ = {isa = PBXFileReference; lastKnownFileType = archive.ar; name = libkmod.a; path = MacKernelSDK/Library/x86_64/libkmod.a; sourceTree = SOURCE_ROOT; };
		CEA03B5C20EE825A00BA842F /* NRed.cpp */ = {isa = PBXFileReference; lastKnownFileType = sourcecode.cpp.cpp; path = NRed.cpp; sourceTree = "<group>"; };
		CEA03B5D20EE825A00BA842F /* NRed.hpp */ = {isa = PBXFileReference; lastKnownFileType = sourcecode.cpp.h; path = NRed.hpp; sourceTree = "<group>"; };
/* End PBXFileReference section */

/* Begin PBXFrameworksBuildPhase section */
		1C748C231C21952C0024EED2 /* Frameworks */ = {
			isa = PBXFrameworksBuildPhase;
			buildActionMask = 2147483647;
			files = (
				CE8DA0832517C41A008C44E8 /* libkmod.a in Frameworks */,
			);
			runOnlyForDeploymentPostprocessing = 0;
		};
/* End PBXFrameworksBuildPhase section */

/* Begin PBXGroup section */
		1C748C1D1C21952C0024EED2 = {
			isa = PBXGroup;
			children = (
				1C748C291C21952C0024EED2 /* NootedRed */,
				CE8DA0812517C41A008C44E8 /* Frameworks */,
				1C748C281C21952C0024EED2 /* Products */,
				CE405EC81E49DD7B00AA0B3D /* SDK */,
			);
			sourceTree = "<group>";
			usesTabs = 1;
		};
		1C748C281C21952C0024EED2 /* Products */ = {
			isa = PBXGroup;
			children = (
				1C748C271C21952C0024EED2 /* NootedRed.kext */,
			);
			name = Products;
			sourceTree = "<group>";
		};
		1C748C291C21952C0024EED2 /* NootedRed */ = {
			isa = PBXGroup;
			children = (
				407905642CF6F2F5000900FA /* AGDC */,
				4030EB362E37E1D90070E610 /* Firmware */,
				40B9AEC62E991192000F05ED /* GPUDriversAMD */,
				4054608A2CDBDF70007865E5 /* Hotfixes */,
				4035DA602CE3A118002707B3 /* iVega */,
				4088AFF22E6E097000717265 /* PenguinWizardry */,
				407068652E966678004E0761 /* Personalities */,
				40F39FDB2CDD6087007AE975 /* Backlight.hpp */,
				40F39FDD2CDD60A3007AE975 /* Backlight.cpp */,
				401B4A012CF43589002B75A6 /* DebugEnabler.hpp */,
				401B49FE2CF434FC002B75A6 /* DebugEnabler.cpp */,
				1C748C2E1C21952C0024EED2 /* Info.plist */,
				407068662E97CD32004E0761 /* Kexts.hpp */,
				4068B3B92E97D805007B46BB /* Kexts.cpp */,
				40364DB529B79DFD0070A2B4 /* Model.hpp */,
				401075922CDA8742002D1CD7 /* Model.cpp */,
				CEA03B5D20EE825A00BA842F /* NRed.hpp */,
				CEA03B5C20EE825A00BA842F /* NRed.cpp */,
				1C748C2C1C21952C0024EED2 /* Plugin.cpp */,
			);
			path = NootedRed;
			sourceTree = "<group>";
		};
		4030EB362E37E1D90070E610 /* Firmware */ = {
			isa = PBXGroup;
			children = (
				4030EAF62E37E1D90070E610 /* atidmcub_rn.dat */,
				4030EAF72E37E1D90070E610 /* ativvaxy_nv.dat */,
				4030EAF82E37E1D90070E610 /* ativvaxy_rv.dat */,
				4030EAFE2E37E1D90070E610 /* dmcu_eram_dcn10_abm_2_1.bin */,
				4030EAFF2E37E1D90070E610 /* dmcu_eram_dcn10_abm_2_2.bin */,
				4030EB002E37E1D90070E610 /* dmcu_eram_dcn10_abm_2_3.bin */,
				4030EB012E37E1D90070E610 /* dmcu_eram_dcn21_abm_2_1.bin */,
				4030EB022E37E1D90070E610 /* dmcu_eram_dcn21_abm_2_2.bin */,
				4030EB032E37E1D90070E610 /* dmcu_eram_dcn21_abm_2_3.bin */,
				4030EB042E37E1D90070E610 /* dmcu_eram_dcn21_abm_2_4.bin */,
				4030EB052E37E1D90070E610 /* dmcu_intvectors_dcn10_abm_2_1.bin */,
				4030EB062E37E1D90070E610 /* dmcu_intvectors_dcn10_abm_2_2.bin */,
				4030EB072E37E1D90070E610 /* dmcu_intvectors_dcn10_abm_2_3.bin */,
				4030EB082E37E1D90070E610 /* dmcu_intvectors_dcn21_abm_2_1.bin */,
				4030EB092E37E1D90070E610 /* dmcu_intvectors_dcn21_abm_2_2.bin */,
				4030EB0A2E37E1D90070E610 /* dmcu_intvectors_dcn21_abm_2_3.bin */,
				4030EB0B2E37E1D90070E610 /* dmcu_intvectors_dcn21_abm_2_4.bin */,
				4030EB0C2E37E1D90070E610 /* gc_9_1_ce_ucode.bin */,
				4030EB0D2E37E1D90070E610 /* gc_9_1_me_ucode.bin */,
				4030EB0E2E37E1D90070E610 /* gc_9_1_mec_jt_ucode.bin */,
				4030EB0F2E37E1D90070E610 /* gc_9_1_mec_ucode.bin */,
				4030EB102E37E1D90070E610 /* gc_9_1_pfp_ucode.bin */,
				4030EB112E37E1D90070E610 /* gc_9_1_rlc_srlist_cntl.bin */,
				4030EB122E37E1D90070E610 /* gc_9_1_rlc_srlist_gpm_mem.bin */,
				4030EB132E37E1D90070E610 /* gc_9_1_rlc_srlist_srm_mem.bin */,
				4030EB142E37E1D90070E610 /* gc_9_1_rlc_ucode.bin */,
				4030EB152E37E1D90070E610 /* gc_9_1_rlc_ucode_a0.bin */,
				4030EB162E37E1D90070E610 /* gc_9_1_rlcv_ucode.bin */,
				4030EB172E37E1D90070E610 /* gc_9_2_ce_ucode.bin */,
				4030EB182E37E1D90070E610 /* gc_9_2_me_ucode.bin */,
				4030EB192E37E1D90070E610 /* gc_9_2_mec_jt_ucode.bin */,
				4030EB1A2E37E1D90070E610 /* gc_9_2_mec_ucode.bin */,
				4030EB1B2E37E1D90070E610 /* gc_9_2_pfp_ucode.bin */,
				4030EB1C2E37E1D90070E610 /* gc_9_2_rlc_srlist_cntl.bin */,
				4030EB1D2E37E1D90070E610 /* gc_9_2_rlc_srlist_gpm_mem.bin */,
				4030EB1E2E37E1D90070E610 /* gc_9_2_rlc_srlist_srm_mem.bin */,
				4030EB1F2E37E1D90070E610 /* gc_9_2_rlc_ucode.bin */,
				4030EB212E37E1D90070E610 /* gc_9_2_rlcv_ucode.bin */,
				4030EB222E37E1D90070E610 /* gc_9_3_ce_ucode.bin */,
				4030EB232E37E1D90070E610 /* gc_9_3_me_ucode.bin */,
				4030EB242E37E1D90070E610 /* gc_9_3_mec_jt_ucode.bin */,
				4030EB252E37E1D90070E610 /* gc_9_3_mec_ucode.bin */,
				4030EB262E37E1D90070E610 /* gc_9_3_pfp_ucode.bin */,
				4030EB272E37E1D90070E610 /* gc_9_3_rlc_srlist_cntl.bin */,
				4030EB282E37E1D90070E610 /* gc_9_3_rlc_srlist_gpm_mem.bin */,
				4030EB292E37E1D90070E610 /* gc_9_3_rlc_srlist_srm_mem.bin */,
				4030EB2A2E37E1D90070E610 /* gc_9_3_rlc_ucode.bin */,
				4030EB2B2E37E1D90070E610 /* LICENSE */,
				4030EB2D2E37E1D90070E610 /* psp_asd.bin */,
				4030EB2E2E37E1D90070E610 /* psp_auc.bin */,
				4030EB2F2E37E1D90070E610 /* psp_dtm.bin */,
				4030EB302E37E1D90070E610 /* psp_fp.bin */,
				4030EB312E37E1D90070E610 /* psp_hdcp.bin */,
				4030EB352E37E1D90070E610 /* sdma_4_1_ucode.bin */,
			);
			path = Firmware;
			sourceTree = "<group>";
		};
		4035DA602CE3A118002707B3 /* iVega */ = {
			isa = PBXGroup;
			children = (
				408B3DD62CDFA41A00CAE5D2 /* Regs */,
				40F46B1C2E6DF54E00B0E9CE /* AMDGFX9DCN1Display.hpp */,
				405430982E6DF75B000AEB46 /* AMDGFX9DCN1Display.cpp */,
				40F46B1A2E6DF50A00B0E9CE /* AMDGFX9DCN2Display.hpp */,
				4054309A2E6DF772000AEB46 /* AMDGFX9DCN2Display.cpp */,
				4030EB3B2E3819080070E610 /* AMDGFX9DCNDisplay.hpp */,
				4030EB372E3818D90070E610 /* AMDGFX9DCNDisplay.cpp */,
				6C1B36652A407C6100B184DD /* AppleGFXHDA.hpp */,
				6C1B36642A407C6100B184DD /* AppleGFXHDA.cpp */,
				409127632CE2F2D2004DBDB5 /* ASICCaps.hpp */,
				409127672CE2F360004DBDB5 /* DevCaps.hpp */,
				4059A1102E6DEB1200F20858 /* DriverInjector.hpp */,
				4059A1122E6DECA600F20858 /* DriverInjector.cpp */,
				408B3DD32CDFA3CC00CAE5D2 /* GoldenSettings.hpp */,
				40FC5FDC29BF996900367F9D /* HWLibs.hpp */,
				40FC5FDB29BF996900367F9D /* HWLibs.cpp */,
				40FC5FD829BF995E00367F9D /* X5000.hpp */,
				40FC5FD729BF995E00367F9D /* X5000.cpp */,
				40FC5FD429BF995000367F9D /* X6000FB.hpp */,
				40FC5FD329BF995000367F9D /* X6000FB.cpp */,
			);
			path = iVega;
			sourceTree = "<group>";
		};
		4054608A2CDBDF70007865E5 /* Hotfixes */ = {
			isa = PBXGroup;
			children = (
				405460882CDBDF58007865E5 /* AGDP.hpp */,
				4054608B2CDBDF89007865E5 /* AGDP.cpp */,
				40F39FE12CDE8643007AE975 /* X6000FB.hpp */,
				40F39FDF2CDE8424007AE975 /* X6000FB.cpp */,
			);
			path = Hotfixes;
			sourceTree = "<group>";
		};
		407068652E966678004E0761 /* Personalities */ = {
			isa = PBXGroup;
			children = (
				4030EAF92E37E1D90070E610 /* com.apple.driver.AppleGFXHDA.xml */,
				4030EAFA2E37E1D90070E610 /* com.apple.kext.AMDRadeonX5000.xml */,
				4030EAFB2E37E1D90070E610 /* com.apple.kext.AMDRadeonX5000HWServices.xml */,
				4030EAFD2E37E1D90070E610 /* com.apple.kext.AMDRadeonX6000Framebuffer.xml */,
			);
			path = Personalities;
			sourceTree = "<group>";
		};
		407905642CF6F2F5000900FA /* AGDC */ = {
			isa = PBXGroup;
			children = (
				407905662CF6F323000900FA /* VendorInfo.hpp */,
			);
			path = AGDC;
			sourceTree = "<group>";
		};
		4088AFF22E6E097000717265 /* PenguinWizardry */ = {
			isa = PBXGroup;
			children = (
				40FD2ACC2E6B6107007C2290 /* EnableIf.hpp */,
				4068C6782E78A72300E57DE7 /* IsFunction.hpp */,
				40F327B52E9824DE0030C1BD /* KernelVersion.hpp */,
				40A02CF72EAE40BD00ECB6DA /* KernelVersion.cpp */,
				4098C7A92EAE42DA00D9D1E0 /* New.hpp */,
				4014D9712C74AA5F00FDE986 /* ObjectField.hpp */,
				4068898A2A229BF600028D22 /* PatcherPlus.hpp */,
				406889892A229BF600028D22 /* PatcherPlus.cpp */,
				4091C15F2E3EE453004577D5 /* RuntimeMC.hpp */,
				4088AFF32E6E099800717265 /* RuntimeMC.cpp */,
				4091C15D2E3EE39B004577D5 /* RuntimeVFT.hpp */,
				4039AD352E6CAB2300A693C7 /* TypeName.hpp */,
			);
			path = PenguinWizardry;
			sourceTree = "<group>";
		};
		408A33A92EE0C63600DAC6FD /* SWIP */ = {
			isa = PBXGroup;
			children = (
				408A33A42EE0C63600DAC6FD /* DMCU.hpp */,
				408A33A52EE0C63600DAC6FD /* GC.hpp */,
				408A33A62EE0C63600DAC6FD /* IPVersion.hpp */,
				408A33A72EE0C63600DAC6FD /* SDMA.hpp */,
				408A33A82EE0C63600DAC6FD /* SMU.hpp */,
			);
			path = SWIP;
			sourceTree = "<group>";
		};
		408A33AC2EE0C63600DAC6FD /* TTL */ = {
			isa = PBXGroup;
			children = (
				408A33A92EE0C63600DAC6FD /* SWIP */,
				408A33AA2EE0C63600DAC6FD /* COS.hpp */,
				408A33AB2EE0C63600DAC6FD /* Event.hpp */,
			);
			path = TTL;
			sourceTree = "<group>";
		};
		408B3DD62CDFA41A00CAE5D2 /* Regs */ = {
			isa = PBXGroup;
			children = (
				408B3DE12CDFA66C00CAE5D2 /* DCN1.hpp */,
				408B3DE32CDFA6F300CAE5D2 /* DCN2.hpp */,
				408B3DD72CDFA42300CAE5D2 /* GC.hpp */,
				408B3DDD2CDFA46800CAE5D2 /* NBIO.hpp */,
				409B6F972E8ABB320046F619 /* OSSSYS_4.hpp */,
				408B3DD92CDFA42A00CAE5D2 /* SDMA0.hpp */,
				408B3DDF2CDFA60900CAE5D2 /* SMU.hpp */,
				408B3DE42CDFA77100CAE5D2 /* SMUIO.hpp */,
			);
			path = Regs;
			sourceTree = "<group>";
		};
		408B3DEA2CDFB7CE00CAE5D2 /* CAIL */ = {
			isa = PBXGroup;
			children = (
				409127552CE2CC01004DBDB5 /* ASICCaps.hpp */,
				408B3DEF2CDFB91800CAE5D2 /* DevCaps.hpp */,
				409127602CE2EDC6004DBDB5 /* DeviceType.hpp */,
				408B3DED2CDFB80000CAE5D2 /* GoldenSettings.hpp */,
				408B3DEB2CDFB7DA00CAE5D2 /* HWBlock.hpp */,
				408B3DF12CDFB98500CAE5D2 /* Result.hpp */,
			);
			path = CAIL;
			sourceTree = "<group>";
		};
		4091276B2CE2F664004DBDB5 /* DC */ = {
			isa = PBXGroup;
			children = (
				4012096B2CE2FD96006E2812 /* DPCD.hpp */,
				4091276C2CE2F681004DBDB5 /* SignalTypes.hpp */,
			);
			path = DC;
			sourceTree = "<group>";
		};
		40B9AEC62E991192000F05ED /* GPUDriversAMD */ = {
			isa = PBXGroup;
			children = (
				40B9AEC72E99119A000F05ED /* Accel */,
				408B3DEA2CDFB7CE00CAE5D2 /* CAIL */,
				4091276B2CE2F664004DBDB5 /* DC */,
				40E812F12CF5A1BF004FDCC7 /* FB */,
				408A33AC2EE0C63600DAC6FD /* TTL */,
				409127692CE2F5EF004DBDB5 /* AddrLib.hpp */,
				40FC5FCE29BF942900367F9D /* ATOMBIOS.hpp */,
				4091276F2CE2F724004DBDB5 /* Family.hpp */,
				40FD2ACF2E6B6296007C2290 /* Packet3.hpp */,
				409127652CE2F2F4004DBDB5 /* PowerPlay.hpp */,
				409127532CE2CBB2004DBDB5 /* PSP.hpp */,
				408B3DDB2CDFA43C00CAE5D2 /* RavenIPOffset.hpp */,
				408B3DE62CDFA7A200CAE5D2 /* RavenPPSMC.hpp */,
				408B3DE82CDFA80B00CAE5D2 /* RenoirPPSMC.hpp */,
				409127732CE2F7B0004DBDB5 /* SMU.hpp */,
			);
			path = GPUDriversAMD;
			sourceTree = "<group>";
		};
		40B9AEC72E99119A000F05ED /* Accel */ = {
			isa = PBXGroup;
			children = (
				40424DB22E6DCD2F004F3BB6 /* HWAlignManager.hpp */,
				4091C1632E3FE1BF004577D5 /* HWDisplay.hpp */,
				40B9AECE2E991B1C000F05ED /* HWDisplay.cpp */,
				409127782CE2F866004DBDB5 /* HWEngine.hpp */,
				40B9AEC42E991009000F05ED /* HWInterface.hpp */,
				40B9AEC82E9911A6000F05ED /* HWInterface.cpp */,
				4009098F2E9932F2006EC1EA /* HWMemory.hpp */,
				400909912E9938DB006EC1EA /* HWMemory.cpp */,
				40B9AECA2E991298000F05ED /* HWRegisters.hpp */,
			);
			path = Accel;
			sourceTree = "<group>";
		};
		40E812F12CF5A1BF004FDCC7 /* FB */ = {
			isa = PBXGroup;
			children = (
				40E812F32CF5A1FB004FDCC7 /* AmdDeviceMemoryManager.hpp */,
				40B037E02E951D2B0060EAD4 /* Attributes.hpp */,
				40F059732E6DFEE5009E6D2F /* FramebufferInfo.hpp */,
				409127582CE2EBCD004DBDB5 /* VidMemType.hpp */,
			);
			path = FB;
			sourceTree = "<group>";
		};
		CE405EC51E49DD7100AA0B3D /* Library */ = {
			isa = PBXGroup;
			children = (
				CE405ED81E4A080700AA0B3D /* plugin_start.cpp */,
			);
			name = Library;
			path = Lilu/Lilu/Library;
			sourceTree = SOURCE_ROOT;
		};
		CE405EC81E49DD7B00AA0B3D /* SDK */ = {
			isa = PBXGroup;
			children = (
				CE405EC51E49DD7100AA0B3D /* Library */,
			);
			name = SDK;
			sourceTree = "<group>";
		};
		CE8DA0812517C41A008C44E8 /* Frameworks */ = {
			isa = PBXGroup;
			children = (
				CE8DA0822517C41A008C44E8 /* libkmod.a */,
			);
			name = Frameworks;
			sourceTree = "<group>";
		};
/* End PBXGroup section */

/* Begin PBXHeadersBuildPhase section */
		1C748C241C21952C0024EED2 /* Headers */ = {
			isa = PBXHeadersBuildPhase;
			buildActionMask = 2147483647;
			files = (
				4091C1642E3FE1C2004577D5 /* HWDisplay.hpp in Headers */,
				4039AD362E6CAB2300A693C7 /* TypeName.hpp in Headers */,
				4069F00F29C3A241005293B4 /* ATOMBIOS.hpp in Headers */,
				409127742CE2F7B0004DBDB5 /* SMU.hpp in Headers */,
				40FC5FDA29BF995E00367F9D /* X5000.hpp in Headers */,
				40364DB629B79DFD0070A2B4 /* Model.hpp in Headers */,
				4014D9722C74AA7000FDE986 /* ObjectField.hpp in Headers */,
				4091276D2CE2F681004DBDB5 /* SignalTypes.hpp in Headers */,
				CEA03B5F20EE825A00BA842F /* NRed.hpp in Headers */,
				409127662CE2F2F4004DBDB5 /* PowerPlay.hpp in Headers */,
				408B3DE52CDFA77800CAE5D2 /* SMUIO.hpp in Headers */,
				408B3DE92CDFA81200CAE5D2 /* RenoirPPSMC.hpp in Headers */,
				4059A1112E6DEB1200F20858 /* DriverInjector.hpp in Headers */,
				408B3DD82CDFA42700CAE5D2 /* GC.hpp in Headers */,
				40FC5FD629BF995000367F9D /* X6000FB.hpp in Headers */,
				40FD2ACD2E6B6107007C2290 /* EnableIf.hpp in Headers */,
				408B3DEE2CDFB80700CAE5D2 /* GoldenSettings.hpp in Headers */,
				407068672E97CD32004E0761 /* Kexts.hpp in Headers */,
				40B9AEC52E991009000F05ED /* HWInterface.hpp in Headers */,
				4012096C2CE2FD96006E2812 /* DPCD.hpp in Headers */,
				408B3DDC2CDFA44100CAE5D2 /* RavenIPOffset.hpp in Headers */,
				40FC5FDE29BF996900367F9D /* HWLibs.hpp in Headers */,
				40FD2AD02E6B6296007C2290 /* Packet3.hpp in Headers */,
				409B6F982E8ABB320046F619 /* OSSSYS_4.hpp in Headers */,
				4098C7AA2EAE42DA00D9D1E0 /* New.hpp in Headers */,
				400909902E9932F2006EC1EA /* HWMemory.hpp in Headers */,
				4068898C2A229BF600028D22 /* PatcherPlus.hpp in Headers */,
				40B9AECC2E991298000F05ED /* HWRegisters.hpp in Headers */,
				40424DB32E6DCD2F004F3BB6 /* HWAlignManager.hpp in Headers */,
				40E812F42CF5A1FB004FDCC7 /* AmdDeviceMemoryManager.hpp in Headers */,
				408B3DE22CDFA66F00CAE5D2 /* DCN1.hpp in Headers */,
				409127642CE2F2D2004DBDB5 /* ASICCaps.hpp in Headers */,
				407905672CF6F323000900FA /* VendorInfo.hpp in Headers */,
				4030EB3C2E3819080070E610 /* AMDGFX9DCNDisplay.hpp in Headers */,
				40F46B1D2E6DF54E00B0E9CE /* AMDGFX9DCN1Display.hpp in Headers */,
				409127682CE2F360004DBDB5 /* DevCaps.hpp in Headers */,
				408B3DEC2CDFB7DE00CAE5D2 /* HWBlock.hpp in Headers */,
				401B4A022CF43589002B75A6 /* DebugEnabler.hpp in Headers */,
				6C1B36672A407C6200B184DD /* AppleGFXHDA.hpp in Headers */,
				40B037E12E951D2B0060EAD4 /* Attributes.hpp in Headers */,
				4068C6792E78A72300E57DE7 /* IsFunction.hpp in Headers */,
				40F46B1B2E6DF50A00B0E9CE /* AMDGFX9DCN2Display.hpp in Headers */,
				409127612CE2EDC6004DBDB5 /* DeviceType.hpp in Headers */,
				408B3DDA2CDFA42E00CAE5D2 /* SDMA0.hpp in Headers */,
				4091C1602E3EE453004577D5 /* RuntimeMC.hpp in Headers */,
				408B3DF02CDFB91F00CAE5D2 /* DevCaps.hpp in Headers */,
				409127792CE2F866004DBDB5 /* HWEngine.hpp in Headers */,
				409127592CE2EBCD004DBDB5 /* VidMemType.hpp in Headers */,
				408B3DE72CDFA7AC00CAE5D2 /* RavenPPSMC.hpp in Headers */,
				409127562CE2CC01004DBDB5 /* ASICCaps.hpp in Headers */,
				408B3DE02CDFA60E00CAE5D2 /* SMU.hpp in Headers */,
				408B3DDE2CDFA46B00CAE5D2 /* NBIO.hpp in Headers */,
				40F327B62E9824DE0030C1BD /* KernelVersion.hpp in Headers */,
				405460892CDBDF6A007865E5 /* AGDP.hpp in Headers */,
				4091276A2CE2F5EF004DBDB5 /* AddrLib.hpp in Headers */,
				409127542CE2CBC0004DBDB5 /* PSP.hpp in Headers */,
				409127702CE2F724004DBDB5 /* Family.hpp in Headers */,
				40F39FDC2CDD609E007AE975 /* Backlight.hpp in Headers */,
				4091C15E2E3EE39B004577D5 /* RuntimeVFT.hpp in Headers */,
				40F059742E6DFEE5009E6D2F /* FramebufferInfo.hpp in Headers */,
				40F39FE22CDE864A007AE975 /* X6000FB.hpp in Headers */,
				408B3DD42CDFA3D200CAE5D2 /* GoldenSettings.hpp in Headers */,
				4035DA622CE3BBBB002707B3 /* DCN2.hpp in Headers */,
				408B3DF22CDFB98800CAE5D2 /* Result.hpp in Headers */,
				408A33AD2EE0C63600DAC6FD /* DMCU.hpp in Headers */,
				408A33AE2EE0C63600DAC6FD /* GC.hpp in Headers */,
				408A33AF2EE0C63600DAC6FD /* IPVersion.hpp in Headers */,
				408A33B02EE0C63600DAC6FD /* SDMA.hpp in Headers */,
				408A33B12EE0C63600DAC6FD /* SMU.hpp in Headers */,
				408A33B22EE0C63600DAC6FD /* COS.hpp in Headers */,
				408A33B32EE0C63600DAC6FD /* Event.hpp in Headers */,
			);
			runOnlyForDeploymentPostprocessing = 0;
		};
/* End PBXHeadersBuildPhase section */

/* Begin PBXNativeTarget section */
		1C748C261C21952C0024EED2 /* NootedRed */ = {
			isa = PBXNativeTarget;
			buildConfigurationList = 1C748C311C21952C0024EED2 /* Build configuration list for PBXNativeTarget "NootedRed" */;
			buildPhases = (
				1C748C221C21952C0024EED2 /* Sources */,
				1C748C231C21952C0024EED2 /* Frameworks */,
				1C748C241C21952C0024EED2 /* Headers */,
				CE131D6A1FB728990036C3A0 /* Archive */,
			);
			buildRules = (
			);
			dependencies = (
			);
			name = NootedRed;
			productName = NootedRed;
			productReference = 1C748C271C21952C0024EED2 /* NootedRed.kext */;
			productType = "com.apple.product-type.kernel-extension";
		};
/* End PBXNativeTarget section */

/* Begin PBXProject section */
		1C748C1E1C21952C0024EED2 /* Project object */ = {
			isa = PBXProject;
			attributes = {
				BuildIndependentTargetsInParallel = YES;
				LastUpgradeCheck = 1530;
				ORGANIZATIONNAME = ChefKiss;
				TargetAttributes = {
					1C748C261C21952C0024EED2 = {
						CreatedOnToolsVersion = 7.2;
					};
				};
			};
			buildConfigurationList = 1C748C211C21952C0024EED2 /* Build configuration list for PBXProject "NootedRed" */;
			compatibilityVersion = "Xcode 3.2";
			developmentRegion = en;
			hasScannedForEncodings = 0;
			knownRegions = (
				en,
				Base,
			);
			mainGroup = 1C748C1D1C21952C0024EED2;
			productRefGroup = 1C748C281C21952C0024EED2 /* Products */;
			projectDirPath = "";
			projectRoot = "";
			targets = (
				1C748C261C21952C0024EED2 /* NootedRed */,
			);
		};
/* End PBXProject section */

/* Begin PBXShellScriptBuildPhase section */
		CE131D6A1FB728990036C3A0 /* Archive */ = {
			isa = PBXShellScriptBuildPhase;
			buildActionMask = 2147483647;
			files = (
			);
			inputPaths = (
			);
			name = Archive;
			outputPaths = (
			);
			runOnlyForDeploymentPostprocessing = 0;
			shellPath = /bin/bash;
			shellScript = "cd \"${TARGET_BUILD_DIR}\"\n\ndist=(\"$FULL_PRODUCT_NAME\")\nif [ -d \"$DWARF_DSYM_FILE_NAME\" ]; then dist+=(\"$DWARF_DSYM_FILE_NAME\"); fi\n\narchive=\"${PRODUCT_NAME}-${MODULE_VERSION}-$(echo $CONFIGURATION | tr /a-z/ /A-Z/ | tr /\\ / /_/).zip\"\nrm -rf *.zip\nif [ \"$CONFIGURATION\" == \"Release\" ] || [ \"$CONFIGURATION\" == \"Research Release\" ]; then\n  strip -x -T \"${EXECUTABLE_PATH}\" &>/dev/null || strip -x \"${EXECUTABLE_PATH}\"\nfi\nzip -qry -FS \"${archive}\" \"${dist[@]}\"\n";
		};
/* End PBXShellScriptBuildPhase section */

/* Begin PBXSourcesBuildPhase section */
		1C748C221C21952C0024EED2 /* Sources */ = {
			isa = PBXSourcesBuildPhase;
			buildActionMask = 2147483647;
			files = (
				4068898B2A229BF600028D22 /* PatcherPlus.cpp in Sources */,
				40A02CF82EAE40BD00ECB6DA /* KernelVersion.cpp in Sources */,
				4088AFF42E6E099800717265 /* RuntimeMC.cpp in Sources */,
				400909922E9938DB006EC1EA /* HWMemory.cpp in Sources */,
				40B9AECF2E991B1C000F05ED /* HWDisplay.cpp in Sources */,
				40B9AEC92E9911A6000F05ED /* HWInterface.cpp in Sources */,
				4068B3BA2E97D805007B46BB /* Kexts.cpp in Sources */,
				40F39FE02CDE842B007AE975 /* X6000FB.cpp in Sources */,
				401B49FF2CF43510002B75A6 /* DebugEnabler.cpp in Sources */,
				401075932CDA8746002D1CD7 /* Model.cpp in Sources */,
				40F39FDE2CDD60A4007AE975 /* Backlight.cpp in Sources */,
				4054608C2CDBDF8C007865E5 /* AGDP.cpp in Sources */,
				40FC5FDD29BF996900367F9D /* HWLibs.cpp in Sources */,
				6C1B36662A407C6100B184DD /* AppleGFXHDA.cpp in Sources */,
				40FC5FD529BF995000367F9D /* X6000FB.cpp in Sources */,
				4030EB382E3818E10070E610 /* AMDGFX9DCNDisplay.cpp in Sources */,
				405430992E6DF75B000AEB46 /* AMDGFX9DCN1Display.cpp in Sources */,
				4054309B2E6DF772000AEB46 /* AMDGFX9DCN2Display.cpp in Sources */,
				4059A1132E6DECA600F20858 /* DriverInjector.cpp in Sources */,
				40FC5FD929BF995E00367F9D /* X5000.cpp in Sources */,
				CEA03B5E20EE825A00BA842F /* NRed.cpp in Sources */,
				1C748C2D1C21952C0024EED2 /* Plugin.cpp in Sources */,
				CE405ED91E4A080700AA0B3D /* plugin_start.cpp in Sources */,
			);
			runOnlyForDeploymentPostprocessing = 0;
		};
/* End PBXSourcesBuildPhase section */

/* Begin XCBuildConfiguration section */
		1C748C2F1C21952C0024EED2 /* Debug */ = {
			isa = XCBuildConfiguration;
			buildSettings = {
				ALWAYS_SEARCH_USER_PATHS = NO;
				ARCHS = x86_64;
				CLANG_ADDRESS_SANITIZER_CONTAINER_OVERFLOW = YES;
				CLANG_ANALYZER_GCD_PERFORMANCE = YES;
				CLANG_ANALYZER_LOCALIZABILITY_EMPTY_CONTEXT = YES;
				CLANG_ANALYZER_LOCALIZABILITY_NONLOCALIZED = YES;
				CLANG_ANALYZER_OSOBJECT_C_STYLE_CAST = YES;
				CLANG_ANALYZER_SECURITY_FLOATLOOPCOUNTER = YES;
				CLANG_ANALYZER_SECURITY_INSECUREAPI_RAND = YES;
				CLANG_ANALYZER_SECURITY_INSECUREAPI_STRCPY = YES;
				CLANG_CXX_LANGUAGE_STANDARD = "c++23";
				CLANG_TIDY_BUGPRONE_REDUNDANT_BRANCH_CONDITION = YES;
				CLANG_TIDY_MISC_REDUNDANT_EXPRESSION = YES;
				CLANG_UNDEFINED_BEHAVIOR_SANITIZER_INTEGER = YES;
				CLANG_WARN_ASSIGN_ENUM = YES;
				CLANG_WARN_ATOMIC_IMPLICIT_SEQ_CST = YES;
				CLANG_WARN_BLOCK_CAPTURE_AUTORELEASING = YES;
				CLANG_WARN_BOOL_CONVERSION = YES;
				CLANG_WARN_COMMA = YES;
				CLANG_WARN_COMPLETION_HANDLER_MISUSE = YES;
				CLANG_WARN_CONSTANT_CONVERSION = YES;
				CLANG_WARN_EMPTY_BODY = YES;
				CLANG_WARN_ENUM_CONVERSION = YES;
				CLANG_WARN_IMPLICIT_FALLTHROUGH = YES_ERROR;
				CLANG_WARN_IMPLICIT_SIGN_CONVERSION = YES;
				CLANG_WARN_INFINITE_RECURSION = YES;
				CLANG_WARN_INT_CONVERSION = YES;
				CLANG_WARN_NON_LITERAL_NULL_CONVERSION = YES;
				CLANG_WARN_QUOTED_INCLUDE_IN_FRAMEWORK_HEADER = YES;
				CLANG_WARN_RANGE_LOOP_ANALYSIS = YES;
				CLANG_WARN_SEMICOLON_BEFORE_METHOD_BODY = YES;
				CLANG_WARN_STRICT_PROTOTYPES = YES;
				CLANG_WARN_SUSPICIOUS_IMPLICIT_CONVERSION = YES;
				CLANG_WARN_SUSPICIOUS_MOVE = YES;
				CLANG_WARN_UNGUARDED_AVAILABILITY = YES_AGGRESSIVE;
				CLANG_WARN_UNREACHABLE_CODE = YES_AGGRESSIVE;
				CODE_SIGN_IDENTITY = "-";
				CODE_SIGN_STYLE = Manual;
				DEBUG_INFORMATION_FORMAT = dwarf;
				ENABLE_TESTABILITY = YES;
				GCC_C_LANGUAGE_STANDARD = c23;
				GCC_ENABLE_OBJC_EXCEPTIONS = NO;
				GCC_GENERATE_DEBUGGING_SYMBOLS = NO;
				GCC_INLINES_ARE_PRIVATE_EXTERN = YES;
				GCC_OPTIMIZATION_LEVEL = 0;
				GCC_PREPROCESSOR_DEFINITIONS = (
					"PRODUCT_NAME=$(PRODUCT_NAME)",
					"MODULE_VERSION=$(MODULE_VERSION)",
					"APPLE_KEXT_ASSERTIONS=1",
					"MACH_ASSERT=1",
					"DEBUG=1",
					"$(inherited)",
				);
				GCC_TREAT_INCOMPATIBLE_POINTER_TYPE_WARNINGS_AS_ERRORS = YES;
				GCC_WARN_64_TO_32_BIT_CONVERSION = YES;
				GCC_WARN_ABOUT_MISSING_FIELD_INITIALIZERS = YES;
				GCC_WARN_ABOUT_MISSING_NEWLINE = YES;
				GCC_WARN_ABOUT_RETURN_TYPE = YES_ERROR;
				GCC_WARN_HIDDEN_VIRTUAL_FUNCTIONS = YES;
				GCC_WARN_INITIALIZER_NOT_FULLY_BRACKETED = YES;
				GCC_WARN_NON_VIRTUAL_DESTRUCTOR = YES;
				GCC_WARN_SHADOW = YES;
				GCC_WARN_SIGN_COMPARE = YES;
				GCC_WARN_UNINITIALIZED_AUTOS = YES_AGGRESSIVE;
				GCC_WARN_UNKNOWN_PRAGMAS = YES;
				GCC_WARN_UNUSED_FUNCTION = YES;
				GCC_WARN_UNUSED_LABEL = YES;
				GCC_WARN_UNUSED_PARAMETER = YES;
				GCC_WARN_UNUSED_VARIABLE = YES;
				HEADER_SEARCH_PATHS = (
					"$(PROJECT_DIR)/Lilu/Lilu",
					"$(PROJECT_DIR)/MacKernelSDK/Headers",
				);
				LD_WARN_DUPLICATE_LIBRARIES = YES;
				LD_WARN_UNUSED_DYLIBS = YES;
				LIBRARY_SEARCH_PATHS = "$(PROJECT_DIR)/MacKernelSDK/Library/x86_64";
				MACOSX_DEPLOYMENT_TARGET = 10.15;
				ONLY_ACTIVE_ARCH = YES;
				OTHER_CFLAGS = (
					"-mmmx",
					"-msse",
					"-msse2",
					"-msse3",
					"-mfpmath=sse",
					"-mssse3",
					"-ftree-vectorize",
					"-fno-non-call-exceptions",
					"-fno-builtin",
					"-fno-asynchronous-unwind-tables",
					"-nostdlib",
					"-Wall",
					"-Wextra",
					"-Wno-c23-extensions",
				);
				RUN_CLANG_STATIC_ANALYZER = YES;
				SDKROOT = macosx;
			};
			name = Debug;
		};
		1C748C301C21952C0024EED2 /* Release */ = {
			isa = XCBuildConfiguration;
			buildSettings = {
				ALWAYS_SEARCH_USER_PATHS = NO;
				ARCHS = x86_64;
				CLANG_ADDRESS_SANITIZER_CONTAINER_OVERFLOW = NO;
				CLANG_ANALYZER_GCD_PERFORMANCE = YES;
				CLANG_ANALYZER_LOCALIZABILITY_EMPTY_CONTEXT = YES;
				CLANG_ANALYZER_LOCALIZABILITY_NONLOCALIZED = YES;
				CLANG_ANALYZER_OSOBJECT_C_STYLE_CAST = YES;
				CLANG_ANALYZER_SECURITY_FLOATLOOPCOUNTER = YES;
				CLANG_ANALYZER_SECURITY_INSECUREAPI_RAND = YES;
				CLANG_ANALYZER_SECURITY_INSECUREAPI_STRCPY = YES;
				CLANG_CXX_LANGUAGE_STANDARD = "c++23";
				CLANG_TIDY_BUGPRONE_REDUNDANT_BRANCH_CONDITION = YES;
				CLANG_TIDY_MISC_REDUNDANT_EXPRESSION = YES;
				CLANG_UNDEFINED_BEHAVIOR_SANITIZER_INTEGER = YES;
				CLANG_WARN_ASSIGN_ENUM = YES;
				CLANG_WARN_ATOMIC_IMPLICIT_SEQ_CST = YES;
				CLANG_WARN_BLOCK_CAPTURE_AUTORELEASING = YES;
				CLANG_WARN_BOOL_CONVERSION = YES;
				CLANG_WARN_COMMA = YES;
				CLANG_WARN_COMPLETION_HANDLER_MISUSE = YES;
				CLANG_WARN_CONSTANT_CONVERSION = YES;
				CLANG_WARN_EMPTY_BODY = YES;
				CLANG_WARN_ENUM_CONVERSION = YES;
				CLANG_WARN_IMPLICIT_FALLTHROUGH = YES_ERROR;
				CLANG_WARN_IMPLICIT_SIGN_CONVERSION = YES;
				CLANG_WARN_INFINITE_RECURSION = YES;
				CLANG_WARN_INT_CONVERSION = YES;
				CLANG_WARN_NON_LITERAL_NULL_CONVERSION = YES;
				CLANG_WARN_QUOTED_INCLUDE_IN_FRAMEWORK_HEADER = YES;
				CLANG_WARN_RANGE_LOOP_ANALYSIS = YES;
				CLANG_WARN_SEMICOLON_BEFORE_METHOD_BODY = YES;
				CLANG_WARN_STRICT_PROTOTYPES = YES;
				CLANG_WARN_SUSPICIOUS_IMPLICIT_CONVERSION = YES;
				CLANG_WARN_SUSPICIOUS_MOVE = YES;
				CLANG_WARN_UNGUARDED_AVAILABILITY = YES_AGGRESSIVE;
				CLANG_WARN_UNREACHABLE_CODE = YES_AGGRESSIVE;
				CODE_SIGN_IDENTITY = "-";
				CODE_SIGN_STYLE = Manual;
				DEAD_CODE_STRIPPING = YES;
				DEBUG_INFORMATION_FORMAT = "dwarf-with-dsym";
				GCC_C_LANGUAGE_STANDARD = c23;
				GCC_ENABLE_OBJC_EXCEPTIONS = NO;
				GCC_INLINES_ARE_PRIVATE_EXTERN = YES;
				GCC_OPTIMIZATION_LEVEL = 3;
				GCC_PREPROCESSOR_DEFINITIONS = (
					"PRODUCT_NAME=$(PRODUCT_NAME)",
					"MODULE_VERSION=$(MODULE_VERSION)",
				);
				GCC_SYMBOLS_PRIVATE_EXTERN = YES;
				GCC_TREAT_INCOMPATIBLE_POINTER_TYPE_WARNINGS_AS_ERRORS = YES;
				GCC_WARN_64_TO_32_BIT_CONVERSION = YES;
				GCC_WARN_ABOUT_MISSING_FIELD_INITIALIZERS = YES;
				GCC_WARN_ABOUT_MISSING_NEWLINE = YES;
				GCC_WARN_ABOUT_RETURN_TYPE = YES_ERROR;
				GCC_WARN_HIDDEN_VIRTUAL_FUNCTIONS = YES;
				GCC_WARN_INITIALIZER_NOT_FULLY_BRACKETED = YES;
				GCC_WARN_NON_VIRTUAL_DESTRUCTOR = YES;
				GCC_WARN_SHADOW = YES;
				GCC_WARN_SIGN_COMPARE = YES;
				GCC_WARN_UNINITIALIZED_AUTOS = YES_AGGRESSIVE;
				GCC_WARN_UNKNOWN_PRAGMAS = YES;
				GCC_WARN_UNUSED_FUNCTION = YES;
				GCC_WARN_UNUSED_LABEL = YES;
				GCC_WARN_UNUSED_PARAMETER = YES;
				GCC_WARN_UNUSED_VARIABLE = YES;
				HEADER_SEARCH_PATHS = (
					"$(PROJECT_DIR)/Lilu/Lilu",
					"$(PROJECT_DIR)/MacKernelSDK/Headers",
				);
				LD_WARN_DUPLICATE_LIBRARIES = YES;
				LD_WARN_UNUSED_DYLIBS = YES;
				LIBRARY_SEARCH_PATHS = "$(PROJECT_DIR)/MacKernelSDK/Library/x86_64";
				LLVM_LTO = YES;
				MACOSX_DEPLOYMENT_TARGET = 10.15;
				ONLY_ACTIVE_ARCH = YES;
				OTHER_CFLAGS = (
					"-mmmx",
					"-msse",
					"-msse2",
					"-msse3",
					"-mfpmath=sse",
					"-mssse3",
					"-ftree-vectorize",
					"-fno-non-call-exceptions",
					"-fno-builtin",
					"-fno-asynchronous-unwind-tables",
					"-nostdlib",
					"-Wall",
					"-Wextra",
					"-Wno-c23-extensions",
				);
				RUN_CLANG_STATIC_ANALYZER = YES;
				SDKROOT = macosx;
			};
			name = Release;
		};
		1C748C321C21952C0024EED2 /* Debug */ = {
			isa = XCBuildConfiguration;
			buildSettings = {
				CURRENT_PROJECT_VERSION = "$(MODULE_VERSION)";
				HEADER_SEARCH_PATHS = (
					"$(inherited)",
					"$(PROJECT_DIR)/$(PRODUCT_NAME)",
				);
				INFOPLIST_FILE = NootedRed/Info.plist;
				MACOSX_DEPLOYMENT_TARGET = 10.15;
				MODULE_NAME = org.ChefKiss.NootedRed;
				MODULE_START = "$(PRODUCT_NAME)_kern_start";
				MODULE_STOP = "$(PRODUCT_NAME)_kern_stop";
				MODULE_VERSION = 0.8.2;
				OTHER_LDFLAGS = "-static";
				PRODUCT_BUNDLE_IDENTIFIER = "$(MODULE_NAME)";
				PRODUCT_NAME = "$(TARGET_NAME)";
				WRAPPER_EXTENSION = kext;
			};
			name = Debug;
		};
		1C748C331C21952C0024EED2 /* Release */ = {
			isa = XCBuildConfiguration;
			buildSettings = {
				CURRENT_PROJECT_VERSION = "$(MODULE_VERSION)";
				HEADER_SEARCH_PATHS = (
					"$(inherited)",
					"$(PROJECT_DIR)/$(PRODUCT_NAME)",
				);
				INFOPLIST_FILE = NootedRed/Info.plist;
				MACOSX_DEPLOYMENT_TARGET = 10.15;
				MODULE_NAME = org.ChefKiss.NootedRed;
				MODULE_START = "$(PRODUCT_NAME)_kern_start";
				MODULE_STOP = "$(PRODUCT_NAME)_kern_stop";
				MODULE_VERSION = 0.8.2;
				OTHER_LDFLAGS = "-static";
				PRODUCT_BUNDLE_IDENTIFIER = "$(MODULE_NAME)";
				PRODUCT_NAME = "$(TARGET_NAME)";
				WRAPPER_EXTENSION = kext;
			};
			name = Release;
		};
		40CF1EDF2CD644DC0027D039 /* Research Release */ = {
			isa = XCBuildConfiguration;
			buildSettings = {
				ALWAYS_SEARCH_USER_PATHS = NO;
				ARCHS = x86_64;
				CLANG_ADDRESS_SANITIZER_CONTAINER_OVERFLOW = NO;
				CLANG_ANALYZER_GCD_PERFORMANCE = YES;
				CLANG_ANALYZER_LOCALIZABILITY_EMPTY_CONTEXT = YES;
				CLANG_ANALYZER_LOCALIZABILITY_NONLOCALIZED = YES;
				CLANG_ANALYZER_OSOBJECT_C_STYLE_CAST = YES;
				CLANG_ANALYZER_SECURITY_FLOATLOOPCOUNTER = YES;
				CLANG_ANALYZER_SECURITY_INSECUREAPI_RAND = YES;
				CLANG_ANALYZER_SECURITY_INSECUREAPI_STRCPY = YES;
				CLANG_CXX_LANGUAGE_STANDARD = "c++23";
				CLANG_TIDY_BUGPRONE_REDUNDANT_BRANCH_CONDITION = YES;
				CLANG_TIDY_MISC_REDUNDANT_EXPRESSION = YES;
				CLANG_UNDEFINED_BEHAVIOR_SANITIZER_INTEGER = YES;
				CLANG_WARN_ASSIGN_ENUM = YES;
				CLANG_WARN_ATOMIC_IMPLICIT_SEQ_CST = YES;
				CLANG_WARN_BLOCK_CAPTURE_AUTORELEASING = YES;
				CLANG_WARN_BOOL_CONVERSION = YES;
				CLANG_WARN_COMMA = YES;
				CLANG_WARN_COMPLETION_HANDLER_MISUSE = YES;
				CLANG_WARN_CONSTANT_CONVERSION = YES;
				CLANG_WARN_EMPTY_BODY = YES;
				CLANG_WARN_ENUM_CONVERSION = YES;
				CLANG_WARN_IMPLICIT_FALLTHROUGH = YES_ERROR;
				CLANG_WARN_IMPLICIT_SIGN_CONVERSION = YES;
				CLANG_WARN_INFINITE_RECURSION = YES;
				CLANG_WARN_INT_CONVERSION = YES;
				CLANG_WARN_NON_LITERAL_NULL_CONVERSION = YES;
				CLANG_WARN_QUOTED_INCLUDE_IN_FRAMEWORK_HEADER = YES;
				CLANG_WARN_RANGE_LOOP_ANALYSIS = YES;
				CLANG_WARN_SEMICOLON_BEFORE_METHOD_BODY = YES;
				CLANG_WARN_STRICT_PROTOTYPES = YES;
				CLANG_WARN_SUSPICIOUS_IMPLICIT_CONVERSION = YES;
				CLANG_WARN_SUSPICIOUS_MOVE = YES;
				CLANG_WARN_UNGUARDED_AVAILABILITY = YES_AGGRESSIVE;
				CLANG_WARN_UNREACHABLE_CODE = YES_AGGRESSIVE;
				CODE_SIGN_IDENTITY = "-";
				CODE_SIGN_STYLE = Manual;
				DEAD_CODE_STRIPPING = YES;
				DEBUG_INFORMATION_FORMAT = "dwarf-with-dsym";
				GCC_C_LANGUAGE_STANDARD = c23;
				GCC_ENABLE_OBJC_EXCEPTIONS = NO;
				GCC_INLINES_ARE_PRIVATE_EXTERN = YES;
				GCC_OPTIMIZATION_LEVEL = 3;
				GCC_PREPROCESSOR_DEFINITIONS = (
					"PRODUCT_NAME=$(PRODUCT_NAME)",
					"MODULE_VERSION=$(MODULE_VERSION)",
					"APPLE_KEXT_ASSERTIONS=1",
					"MACH_ASSERT=1",
					"DEBUG=1",
				);
				GCC_SYMBOLS_PRIVATE_EXTERN = YES;
				GCC_TREAT_INCOMPATIBLE_POINTER_TYPE_WARNINGS_AS_ERRORS = YES;
				GCC_WARN_64_TO_32_BIT_CONVERSION = YES;
				GCC_WARN_ABOUT_MISSING_FIELD_INITIALIZERS = YES;
				GCC_WARN_ABOUT_MISSING_NEWLINE = YES;
				GCC_WARN_ABOUT_RETURN_TYPE = YES_ERROR;
				GCC_WARN_HIDDEN_VIRTUAL_FUNCTIONS = YES;
				GCC_WARN_INITIALIZER_NOT_FULLY_BRACKETED = YES;
				GCC_WARN_NON_VIRTUAL_DESTRUCTOR = YES;
				GCC_WARN_SHADOW = YES;
				GCC_WARN_SIGN_COMPARE = YES;
				GCC_WARN_UNINITIALIZED_AUTOS = YES_AGGRESSIVE;
				GCC_WARN_UNKNOWN_PRAGMAS = YES;
				GCC_WARN_UNUSED_FUNCTION = YES;
				GCC_WARN_UNUSED_LABEL = YES;
				GCC_WARN_UNUSED_PARAMETER = YES;
				GCC_WARN_UNUSED_VARIABLE = YES;
				HEADER_SEARCH_PATHS = (
					"$(PROJECT_DIR)/Lilu/Lilu",
					"$(PROJECT_DIR)/MacKernelSDK/Headers",
				);
				LD_WARN_DUPLICATE_LIBRARIES = YES;
				LD_WARN_UNUSED_DYLIBS = YES;
				LIBRARY_SEARCH_PATHS = "$(PROJECT_DIR)/MacKernelSDK/Library/x86_64";
				LLVM_LTO = YES;
				MACOSX_DEPLOYMENT_TARGET = 10.15;
				ONLY_ACTIVE_ARCH = YES;
				OTHER_CFLAGS = (
					"-mmmx",
					"-msse",
					"-msse2",
					"-msse3",
					"-mfpmath=sse",
					"-mssse3",
					"-ftree-vectorize",
					"-fno-non-call-exceptions",
					"-fno-builtin",
					"-fno-asynchronous-unwind-tables",
					"-nostdlib",
					"-Wall",
					"-Wextra",
					"-Wno-c23-extensions",
				);
				RUN_CLANG_STATIC_ANALYZER = YES;
				SDKROOT = macosx;
			};
			name = "Research Release";
		};
		40CF1EE02CD644DC0027D039 /* Research Release */ = {
			isa = XCBuildConfiguration;
			buildSettings = {
				CURRENT_PROJECT_VERSION = "$(MODULE_VERSION)";
				HEADER_SEARCH_PATHS = (
					"$(inherited)",
					"$(PROJECT_DIR)/$(PRODUCT_NAME)",
				);
				INFOPLIST_FILE = NootedRed/Info.plist;
				MACOSX_DEPLOYMENT_TARGET = 10.15;
				MODULE_NAME = org.ChefKiss.NootedRed;
				MODULE_START = "$(PRODUCT_NAME)_kern_start";
				MODULE_STOP = "$(PRODUCT_NAME)_kern_stop";
				MODULE_VERSION = 0.8.2;
				OTHER_LDFLAGS = "-static";
				PRODUCT_BUNDLE_IDENTIFIER = "$(MODULE_NAME)";
				PRODUCT_NAME = "$(TARGET_NAME)";
				WRAPPER_EXTENSION = kext;
			};
			name = "Research Release";
		};
		CE9901CA21456F6C006E5CF5 /* Sanitize */ = {
			isa = XCBuildConfiguration;
			buildSettings = {
				ALWAYS_SEARCH_USER_PATHS = NO;
				ARCHS = x86_64;
				CLANG_ADDRESS_SANITIZER_CONTAINER_OVERFLOW = YES;
				CLANG_ANALYZER_GCD_PERFORMANCE = YES;
				CLANG_ANALYZER_LOCALIZABILITY_EMPTY_CONTEXT = YES;
				CLANG_ANALYZER_LOCALIZABILITY_NONLOCALIZED = YES;
				CLANG_ANALYZER_OSOBJECT_C_STYLE_CAST = YES;
				CLANG_ANALYZER_SECURITY_FLOATLOOPCOUNTER = YES;
				CLANG_ANALYZER_SECURITY_INSECUREAPI_RAND = YES;
				CLANG_ANALYZER_SECURITY_INSECUREAPI_STRCPY = YES;
				CLANG_CXX_LANGUAGE_STANDARD = "c++23";
				CLANG_STATIC_ANALYZER_MODE = deep;
				CLANG_TIDY_BUGPRONE_REDUNDANT_BRANCH_CONDITION = YES;
				CLANG_TIDY_MISC_REDUNDANT_EXPRESSION = YES;
				CLANG_UNDEFINED_BEHAVIOR_SANITIZER_INTEGER = YES;
				CLANG_WARN_ASSIGN_ENUM = YES;
				CLANG_WARN_ATOMIC_IMPLICIT_SEQ_CST = YES;
				CLANG_WARN_BLOCK_CAPTURE_AUTORELEASING = YES;
				CLANG_WARN_BOOL_CONVERSION = YES;
				CLANG_WARN_COMMA = YES;
				CLANG_WARN_COMPLETION_HANDLER_MISUSE = YES;
				CLANG_WARN_CONSTANT_CONVERSION = YES;
				CLANG_WARN_EMPTY_BODY = YES;
				CLANG_WARN_ENUM_CONVERSION = YES;
				CLANG_WARN_IMPLICIT_FALLTHROUGH = YES_ERROR;
				CLANG_WARN_IMPLICIT_SIGN_CONVERSION = YES;
				CLANG_WARN_INFINITE_RECURSION = YES;
				CLANG_WARN_INT_CONVERSION = YES;
				CLANG_WARN_NON_LITERAL_NULL_CONVERSION = YES;
				CLANG_WARN_QUOTED_INCLUDE_IN_FRAMEWORK_HEADER = YES;
				CLANG_WARN_RANGE_LOOP_ANALYSIS = YES;
				CLANG_WARN_SEMICOLON_BEFORE_METHOD_BODY = YES;
				CLANG_WARN_STRICT_PROTOTYPES = YES;
				CLANG_WARN_SUSPICIOUS_IMPLICIT_CONVERSION = YES;
				CLANG_WARN_SUSPICIOUS_MOVE = YES;
				CLANG_WARN_UNGUARDED_AVAILABILITY = YES_AGGRESSIVE;
				CLANG_WARN_UNREACHABLE_CODE = YES_AGGRESSIVE;
				CODE_SIGN_IDENTITY = "-";
				CODE_SIGN_STYLE = Manual;
				DEBUG_INFORMATION_FORMAT = dwarf;
				ENABLE_TESTABILITY = YES;
				GCC_C_LANGUAGE_STANDARD = c23;
				GCC_ENABLE_OBJC_EXCEPTIONS = NO;
				GCC_GENERATE_DEBUGGING_SYMBOLS = NO;
				GCC_INLINES_ARE_PRIVATE_EXTERN = YES;
				GCC_PREPROCESSOR_DEFINITIONS = (
					"PRODUCT_NAME=$(PRODUCT_NAME)",
					"MODULE_VERSION=$(MODULE_VERSION)",
					"DEBUG=1",
				);
				GCC_TREAT_INCOMPATIBLE_POINTER_TYPE_WARNINGS_AS_ERRORS = YES;
				GCC_WARN_64_TO_32_BIT_CONVERSION = YES;
				GCC_WARN_ABOUT_MISSING_FIELD_INITIALIZERS = YES;
				GCC_WARN_ABOUT_MISSING_NEWLINE = YES;
				GCC_WARN_ABOUT_RETURN_TYPE = YES_ERROR;
				GCC_WARN_HIDDEN_VIRTUAL_FUNCTIONS = YES;
				GCC_WARN_INITIALIZER_NOT_FULLY_BRACKETED = YES;
				GCC_WARN_NON_VIRTUAL_DESTRUCTOR = YES;
				GCC_WARN_SHADOW = YES;
				GCC_WARN_SIGN_COMPARE = YES;
				GCC_WARN_UNINITIALIZED_AUTOS = YES_AGGRESSIVE;
				GCC_WARN_UNKNOWN_PRAGMAS = YES;
				GCC_WARN_UNUSED_FUNCTION = YES;
				GCC_WARN_UNUSED_LABEL = YES;
				GCC_WARN_UNUSED_PARAMETER = YES;
				GCC_WARN_UNUSED_VARIABLE = YES;
				LD_WARN_DUPLICATE_LIBRARIES = YES;
				LD_WARN_UNUSED_DYLIBS = YES;
				MACOSX_DEPLOYMENT_TARGET = 10.15;
				ONLY_ACTIVE_ARCH = YES;
				OTHER_CFLAGS = (
					"-mmmx",
					"-msse",
					"-msse2",
					"-msse3",
					"-mfpmath=sse",
					"-mssse3",
					"-ftree-vectorize",
					"-fno-non-call-exceptions",
					"-fno-builtin",
					"-fno-asynchronous-unwind-tables",
					"-nostdlib",
					"-Wall",
					"-Wextra",
					"-Wno-c23-extensions",
				);
				RUN_CLANG_STATIC_ANALYZER = YES;
				SDKROOT = macosx;
			};
			name = Sanitize;
		};
		CE9901CB21456F6C006E5CF5 /* Sanitize */ = {
			isa = XCBuildConfiguration;
			buildSettings = {
				CURRENT_PROJECT_VERSION = "$(MODULE_VERSION)";
				HEADER_SEARCH_PATHS = (
					"$(inherited)",
					"$(PROJECT_DIR)/$(PRODUCT_NAME)",
				);
				INFOPLIST_FILE = NootedRed/Info.plist;
				MACOSX_DEPLOYMENT_TARGET = 10.15;
				MODULE_NAME = org.ChefKiss.NootedRed;
				MODULE_START = "$(PRODUCT_NAME)_kern_start";
				MODULE_STOP = "$(PRODUCT_NAME)_kern_stop";
				MODULE_VERSION = 0.8.2;
				OTHER_LDFLAGS = "-static";
				PRODUCT_BUNDLE_IDENTIFIER = "$(MODULE_NAME)";
				PRODUCT_NAME = "$(TARGET_NAME)";
				WRAPPER_EXTENSION = kext;
			};
			name = Sanitize;
		};
/* End XCBuildConfiguration section */

/* Begin XCConfigurationList section */
		1C748C211C21952C0024EED2 /* Build configuration list for PBXProject "NootedRed" */ = {
			isa = XCConfigurationList;
			buildConfigurations = (
				1C748C2F1C21952C0024EED2 /* Debug */,
				CE9901CA21456F6C006E5CF5 /* Sanitize */,
				1C748C301C21952C0024EED2 /* Release */,
				40CF1EDF2CD644DC0027D039 /* Research Release */,
			);
			defaultConfigurationIsVisible = 0;
			defaultConfigurationName = Release;
		};
		1C748C311C21952C0024EED2 /* Build configuration list for PBXNativeTarget "NootedRed" */ = {
			isa = XCConfigurationList;
			buildConfigurations = (
				1C748C321C21952C0024EED2 /* Debug */,
				CE9901CB21456F6C006E5CF5 /* Sanitize */,
				1C748C331C21952C0024EED2 /* Release */,
				40CF1EE02CD644DC0027D039 /* Research Release */,
			);
			defaultConfigurationIsVisible = 0;
			defaultConfigurationName = Release;
		};
/* End XCConfigurationList section */
	};
	rootObject = 1C748C1E1C21952C0024EED2 /* Project object */;
}
